// !$*UTF8*$!
{
	archiveVersion = 1;
	classes = {
	};
	objectVersion = 56;
	objects = {

/* Begin PBXBuildFile section */
		8A019B3D2C26BD8200799137 /* SSItem.swift in Sources */ = {isa = PBXBuildFile; fileRef = 8A019B3C2C26BD8200799137 /* SSItem.swift */; };
		8A019B402C26BED100799137 /* SSContentView.swift in Sources */ = {isa = PBXBuildFile; fileRef = 8A019B3F2C26BED100799137 /* SSContentView.swift */; };
		8A019B422C26BED900799137 /* SSHomeView.swift in Sources */ = {isa = PBXBuildFile; fileRef = 8A019B412C26BED900799137 /* SSHomeView.swift */; };
		8A019B442C26C08000799137 /* BottomActionBar.swift in Sources */ = {isa = PBXBuildFile; fileRef = 8A019B432C26C08000799137 /* BottomActionBar.swift */; };
		8A019B462C26C4CC00799137 /* StackedCards.swift in Sources */ = {isa = PBXBuildFile; fileRef = 8A019B452C26C4CC00799137 /* StackedCards.swift */; };
		8A019B482C26C6FB00799137 /* SSCardView.swift in Sources */ = {isa = PBXBuildFile; fileRef = 8A019B472C26C6FB00799137 /* SSCardView.swift */; };
		8A019B4B2C26EAC100799137 /* SSHeader.swift in Sources */ = {isa = PBXBuildFile; fileRef = 8A019B4A2C26EAC100799137 /* SSHeader.swift */; };
		8A0381EC2C3961CC000CAEE0 /* CustomTransition.swift in Sources */ = {isa = PBXBuildFile; fileRef = 8A0381EB2C3961CC000CAEE0 /* CustomTransition.swift */; };
		8A0381EF2C39640B000CAEE0 /* OffsetKey.swift in Sources */ = {isa = PBXBuildFile; fileRef = 8A0381EE2C39640B000CAEE0 /* OffsetKey.swift */; };
		8A06CDBE2C37CE9900F60C1A /* SwipeCardView.swift in Sources */ = {isa = PBXBuildFile; fileRef = 8A06CDBD2C37CE9900F60C1A /* SwipeCardView.swift */; };
		8A06CDC02C37D1B300F60C1A /* SwipeAction.swift in Sources */ = {isa = PBXBuildFile; fileRef = 8A06CDBF2C37D1B300F60C1A /* SwipeAction.swift */; };
		8A06CDC22C37E67C00F60C1A /* Action.swift in Sources */ = {isa = PBXBuildFile; fileRef = 8A06CDC12C37E67C00F60C1A /* Action.swift */; };
		8A06CDC42C37E84900F60C1A /* ActionBuilder.swift in Sources */ = {isa = PBXBuildFile; fileRef = 8A06CDC32C37E84900F60C1A /* ActionBuilder.swift */; };
		8A06CDC62C37E97800F60C1A /* SwipeDirection.swift in Sources */ = {isa = PBXBuildFile; fileRef = 8A06CDC52C37E97800F60C1A /* SwipeDirection.swift */; };
		8A0717FB2C10373B0017E1E8 /* HackerTextView.swift in Sources */ = {isa = PBXBuildFile; fileRef = 8A0717FA2C10373B0017E1E8 /* HackerTextView.swift */; };
		8A0717FD2C1038370017E1E8 /* HackerTextContentView.swift in Sources */ = {isa = PBXBuildFile; fileRef = 8A0717FC2C1038370017E1E8 /* HackerTextContentView.swift */; };
		8A07181D2C11918A0017E1E8 /* Card.swift in Sources */ = {isa = PBXBuildFile; fileRef = 8A07181C2C11918A0017E1E8 /* Card.swift */; };
		8A0718202C1192BF0017E1E8 /* VCCHome.swift in Sources */ = {isa = PBXBuildFile; fileRef = 8A07181F2C1192BF0017E1E8 /* VCCHome.swift */; };
		8A0718222C1192DF0017E1E8 /* VCCContentView.swift in Sources */ = {isa = PBXBuildFile; fileRef = 8A0718212C1192DF0017E1E8 /* VCCContentView.swift */; };
		8A0718242C1193D00017E1E8 /* VCCCardView.swift in Sources */ = {isa = PBXBuildFile; fileRef = 8A0718232C1193D00017E1E8 /* VCCCardView.swift */; };
		8A07185F2C12E9A50017E1E8 /* GlitchTextContentView.swift in Sources */ = {isa = PBXBuildFile; fileRef = 8A07185E2C12E9A50017E1E8 /* GlitchTextContentView.swift */; };
		8A0718622C12E9C00017E1E8 /* GlitchText.swift in Sources */ = {isa = PBXBuildFile; fileRef = 8A0718612C12E9C00017E1E8 /* GlitchText.swift */; };
		8A0718642C12EA590017E1E8 /* GTTextView.swift in Sources */ = {isa = PBXBuildFile; fileRef = 8A0718632C12EA590017E1E8 /* GTTextView.swift */; };
		8A0718662C12EEEF0017E1E8 /* GTExtendedSpacer.swift in Sources */ = {isa = PBXBuildFile; fileRef = 8A0718652C12EEEF0017E1E8 /* GTExtendedSpacer.swift */; };
		8A0718682C12EFAA0017E1E8 /* GlitchFrame.swift in Sources */ = {isa = PBXBuildFile; fileRef = 8A0718672C12EFAA0017E1E8 /* GlitchFrame.swift */; };
		8A07186A2C12F1190017E1E8 /* GlitchFrameBuilder.swift in Sources */ = {isa = PBXBuildFile; fileRef = 8A0718692C12F1190017E1E8 /* GlitchFrameBuilder.swift */; };
		8A07186C2C12FE1E0017E1E8 /* GlitchTextAnimation.swift in Sources */ = {isa = PBXBuildFile; fileRef = 8A07186B2C12FE1E0017E1E8 /* GlitchTextAnimation.swift */; };
		8A097D8F2C318CDF00F03670 /* PawView.swift in Sources */ = {isa = PBXBuildFile; fileRef = 8A097D8E2C318CDF00F03670 /* PawView.swift */; };
		8A097D942C3193EE00F03670 /* Message.swift in Sources */ = {isa = PBXBuildFile; fileRef = 8A097D932C3193EE00F03670 /* Message.swift */; };
		8A097D962C3195D100F03670 /* ESAHomeView.swift in Sources */ = {isa = PBXBuildFile; fileRef = 8A097D952C3195D100F03670 /* ESAHomeView.swift */; };
		8A097D992C319B5E00F03670 /* OffsetHelpers.swift in Sources */ = {isa = PBXBuildFile; fileRef = 8A097D982C319B5E00F03670 /* OffsetHelpers.swift */; };
		8A09C8E52C2DAEAC0097D1DA /* ForgotPassword.swift in Sources */ = {isa = PBXBuildFile; fileRef = 8A09C8E42C2DAEAC0097D1DA /* ForgotPassword.swift */; };
		8A09C8E72C2DB5B00097D1DA /* PasswordResetView.swift in Sources */ = {isa = PBXBuildFile; fileRef = 8A09C8E62C2DB5B00097D1DA /* PasswordResetView.swift */; };
		8A09C8E92C2DB79B0097D1DA /* OTPView.swift in Sources */ = {isa = PBXBuildFile; fileRef = 8A09C8E82C2DB79B0097D1DA /* OTPView.swift */; };
		8A0A4A0B2C2ED91F001A47CE /* OTPVerificationView.swift in Sources */ = {isa = PBXBuildFile; fileRef = 8A0A4A0A2C2ED91F001A47CE /* OTPVerificationView.swift */; };
		8A0A4A0D2C2ED93C001A47CE /* OTPContentView.swift in Sources */ = {isa = PBXBuildFile; fileRef = 8A0A4A0C2C2ED93C001A47CE /* OTPContentView.swift */; };
		8A0A4A162C2EE1AF001A47CE /* String+Ext.swift in Sources */ = {isa = PBXBuildFile; fileRef = 8A0A4A152C2EE1AF001A47CE /* String+Ext.swift */; };
		8A0A4A182C2EE94D001A47CE /* LFOTPVerificationView.swift in Sources */ = {isa = PBXBuildFile; fileRef = 8A0A4A172C2EE94D001A47CE /* LFOTPVerificationView.swift */; };
		8A0BF0042C428BB4007D0FC1 /* HeroItem.swift in Sources */ = {isa = PBXBuildFile; fileRef = 8A0BF0032C428BB4007D0FC1 /* HeroItem.swift */; };
		8A0BF0062C428ED7007D0FC1 /* HeroCardView.swift in Sources */ = {isa = PBXBuildFile; fileRef = 8A0BF0052C428ED7007D0FC1 /* HeroCardView.swift */; };
		8A0BF00A2C42959B007D0FC1 /* HeroProfile.swift in Sources */ = {isa = PBXBuildFile; fileRef = 8A0BF0092C42959B007D0FC1 /* HeroProfile.swift */; };
		8A0BF00D2C42967C007D0FC1 /* HAEHomeView.swift in Sources */ = {isa = PBXBuildFile; fileRef = 8A0BF00C2C42967C007D0FC1 /* HAEHomeView.swift */; };
		8A0BF00F2C429688007D0FC1 /* HAEContentVeiw.swift in Sources */ = {isa = PBXBuildFile; fileRef = 8A0BF00E2C429688007D0FC1 /* HAEContentVeiw.swift */; };
		8A0C9C2B2C3AB2DD007487DA /* StickyHeaderHomeView.swift in Sources */ = {isa = PBXBuildFile; fileRef = 8A0C9C2A2C3AB2DD007487DA /* StickyHeaderHomeView.swift */; };
		8A0C9C2D2C3AB2F0007487DA /* StickyHeaderContentView.swift in Sources */ = {isa = PBXBuildFile; fileRef = 8A0C9C2C2C3AB2F0007487DA /* StickyHeaderContentView.swift */; };
		8A0C9C2F2C3AB3DC007487DA /* StickyHeaderView.swift in Sources */ = {isa = PBXBuildFile; fileRef = 8A0C9C2E2C3AB3DC007487DA /* StickyHeaderView.swift */; };
		8A0CA0472C3BC49100D10CEF /* StickyHeaderCustomButton.swift in Sources */ = {isa = PBXBuildFile; fileRef = 8A0CA0462C3BC49100D10CEF /* StickyHeaderCustomButton.swift */; };
		8A0D66AC2C3D2719005163F9 /* UHEContentView.swift in Sources */ = {isa = PBXBuildFile; fileRef = 8A0D66AB2C3D2719005163F9 /* UHEContentView.swift */; };
		8A0D66AF2C3D272F005163F9 /* Hero.swift in Sources */ = {isa = PBXBuildFile; fileRef = 8A0D66AE2C3D272F005163F9 /* Hero.swift */; };
		8A0E02042C4CE33A000E8AF9 /* LockView.swift in Sources */ = {isa = PBXBuildFile; fileRef = 8A0E02032C4CE33A000E8AF9 /* LockView.swift */; };
		8A0E02062C4CE352000E8AF9 /* LockContentView.swift in Sources */ = {isa = PBXBuildFile; fileRef = 8A0E02052C4CE352000E8AF9 /* LockContentView.swift */; };
		8A0F01C92C0EEE3700B77AB1 /* DummyTab.swift in Sources */ = {isa = PBXBuildFile; fileRef = 8A0F01C82C0EEE3700B77AB1 /* DummyTab.swift */; };
		8A0F01CB2C0EEF3D00B77AB1 /* TabOffsetReaderView.swift in Sources */ = {isa = PBXBuildFile; fileRef = 8A0F01CA2C0EEF3D00B77AB1 /* TabOffsetReaderView.swift */; };
		8A0F01CD2C0EF08200B77AB1 /* PageOffsetObserver.swift in Sources */ = {isa = PBXBuildFile; fileRef = 8A0F01CC2C0EF08200B77AB1 /* PageOffsetObserver.swift */; };
		8A0F01CF2C0EF10500B77AB1 /* FindCollectionView.swift in Sources */ = {isa = PBXBuildFile; fileRef = 8A0F01CE2C0EF10500B77AB1 /* FindCollectionView.swift */; };
		8A0F01D12C0EF1B400B77AB1 /* UIView+Extension.swift in Sources */ = {isa = PBXBuildFile; fileRef = 8A0F01D02C0EF1B400B77AB1 /* UIView+Extension.swift */; };
		8A1192422C40ECB600374DA9 /* HeroLayerView.swift in Sources */ = {isa = PBXBuildFile; fileRef = 8A1192412C40ECB600374DA9 /* HeroLayerView.swift */; };
		8A1192442C40ECD800374DA9 /* PassthroughWindow.swift in Sources */ = {isa = PBXBuildFile; fileRef = 8A1192432C40ECD800374DA9 /* PassthroughWindow.swift */; };
		8A1195192C5BC0A80071AC11 /* APIHome.swift in Sources */ = {isa = PBXBuildFile; fileRef = 8A1195182C5BC0A80071AC11 /* APIHome.swift */; };
		8A11951B2C5BC0BE0071AC11 /* APIContentView.swift in Sources */ = {isa = PBXBuildFile; fileRef = 8A11951A2C5BC0BE0071AC11 /* APIContentView.swift */; };
		8A11951D2C5BC8BF0071AC11 /* Color+Ext.swift in Sources */ = {isa = PBXBuildFile; fileRef = 8A11951C2C5BC8BF0071AC11 /* Color+Ext.swift */; };
		8A1195202C5BCB7A0071AC11 /* PagingIndicator.swift in Sources */ = {isa = PBXBuildFile; fileRef = 8A11951F2C5BCB7A0071AC11 /* PagingIndicator.swift */; };
		8A1349202C1B26EC00099F7D /* PHome.swift in Sources */ = {isa = PBXBuildFile; fileRef = 8A13491F2C1B26EC00099F7D /* PHome.swift */; };
		8A1349222C1B270900099F7D /* ParallaxScrollEffectContent.swift in Sources */ = {isa = PBXBuildFile; fileRef = 8A1349212C1B270900099F7D /* ParallaxScrollEffectContent.swift */; };
		8A1349242C1B29CB00099F7D /* DummySection.swift in Sources */ = {isa = PBXBuildFile; fileRef = 8A1349232C1B29CB00099F7D /* DummySection.swift */; };
		8A1349262C1B2CAA00099F7D /* ParallaxImageView.swift in Sources */ = {isa = PBXBuildFile; fileRef = 8A1349252C1B2CAA00099F7D /* ParallaxImageView.swift */; };
		8A13493F2C1C40A800099F7D /* PixelArtContentView.swift in Sources */ = {isa = PBXBuildFile; fileRef = 8A13493E2C1C40A800099F7D /* PixelArtContentView.swift */; };
		8A1349412C1C40D000099F7D /* PAImageView.swift in Sources */ = {isa = PBXBuildFile; fileRef = 8A1349402C1C40D000099F7D /* PAImageView.swift */; };
		8A1349462C1C6B4A00099F7D /* CarousalItem.swift in Sources */ = {isa = PBXBuildFile; fileRef = 8A1349452C1C6B4A00099F7D /* CarousalItem.swift */; };
		8A1349482C1C6D6200099F7D /* GoogleMovieCarouselView.swift in Sources */ = {isa = PBXBuildFile; fileRef = 8A1349472C1C6D6200099F7D /* GoogleMovieCarouselView.swift */; };
		8A13494A2C1C6FEE00099F7D /* CarousalItemView.swift in Sources */ = {isa = PBXBuildFile; fileRef = 8A1349492C1C6FEE00099F7D /* CarousalItemView.swift */; };
		8A135C282C3504B0007AF05B /* CTab.swift in Sources */ = {isa = PBXBuildFile; fileRef = 8A135C272C3504B0007AF05B /* CTab.swift */; };
		8A135C2A2C35056D007AF05B /* CustomTabbarContentView.swift in Sources */ = {isa = PBXBuildFile; fileRef = 8A135C292C35056D007AF05B /* CustomTabbarContentView.swift */; };
		8A135C2C2C35057E007AF05B /* CustomTabbarHomeView.swift in Sources */ = {isa = PBXBuildFile; fileRef = 8A135C2B2C35057E007AF05B /* CustomTabbarHomeView.swift */; };
		8A135C2E2C350739007AF05B /* CTabItem.swift in Sources */ = {isa = PBXBuildFile; fileRef = 8A135C2D2C350739007AF05B /* CTabItem.swift */; };
		8A135C302C350784007AF05B /* CustomTabBar.swift in Sources */ = {isa = PBXBuildFile; fileRef = 8A135C2F2C350784007AF05B /* CustomTabBar.swift */; };
		8A135C322C350E9B007AF05B /* CTabShape.swift in Sources */ = {isa = PBXBuildFile; fileRef = 8A135C312C350E9B007AF05B /* CTabShape.swift */; };
		8A1A42FD2C370DFF00809BBA /* SwipeContentView.swift in Sources */ = {isa = PBXBuildFile; fileRef = 8A1A42FC2C370DFF00809BBA /* SwipeContentView.swift */; };
		8A1A42FF2C370E0B00809BBA /* SwipeHomeView.swift in Sources */ = {isa = PBXBuildFile; fileRef = 8A1A42FE2C370E0B00809BBA /* SwipeHomeView.swift */; };
		8A1ED12E2C2BF5AB0046BDB9 /* LoginView.swift in Sources */ = {isa = PBXBuildFile; fileRef = 8A1ED12D2C2BF5AB0046BDB9 /* LoginView.swift */; };
		8A1ED1302C2BF5C10046BDB9 /* LoginContentView.swift in Sources */ = {isa = PBXBuildFile; fileRef = 8A1ED12F2C2BF5C10046BDB9 /* LoginContentView.swift */; };
		8A1ED1332C2BF6AC0046BDB9 /* View+Extensions.swift in Sources */ = {isa = PBXBuildFile; fileRef = 8A1ED1322C2BF6AC0046BDB9 /* View+Extensions.swift */; };
		8A1ED1352C2BF87B0046BDB9 /* CustomTextField.swift in Sources */ = {isa = PBXBuildFile; fileRef = 8A1ED1342C2BF87B0046BDB9 /* CustomTextField.swift */; };
		8A1ED1372C2C0CD90046BDB9 /* GradientButton.swift in Sources */ = {isa = PBXBuildFile; fileRef = 8A1ED1362C2C0CD90046BDB9 /* GradientButton.swift */; };
		8A20ED552C15AA1900D5915D /* DummyColors.swift in Sources */ = {isa = PBXBuildFile; fileRef = 8A20ED542C15AA1900D5915D /* DummyColors.swift */; };
		8A20ED572C15AC3800D5915D /* ColorContentView.swift in Sources */ = {isa = PBXBuildFile; fileRef = 8A20ED562C15AC3800D5915D /* ColorContentView.swift */; };
		8A325E222C3E4D5800E27325 /* HeroModel.swift in Sources */ = {isa = PBXBuildFile; fileRef = 8A325E212C3E4D5800E27325 /* HeroModel.swift */; };
		8A325E262C3E641A00E27325 /* AnchorKey.swift in Sources */ = {isa = PBXBuildFile; fileRef = 8A325E252C3E641A00E27325 /* AnchorKey.swift */; };
		8A325E282C3E652900E27325 /* HeroInfo.swift in Sources */ = {isa = PBXBuildFile; fileRef = 8A325E272C3E652900E27325 /* HeroInfo.swift */; };
		8A3389AA2C2D968500245E6C /* CircleView.swift in Sources */ = {isa = PBXBuildFile; fileRef = 8A3389A92C2D968500245E6C /* CircleView.swift */; };
		8A3389AC2C2D9E9600245E6C /* Signup.swift in Sources */ = {isa = PBXBuildFile; fileRef = 8A3389AB2C2D9E9600245E6C /* Signup.swift */; };
		8A39C0DF2C43FC9F00A7F855 /* HAEDetailView.swift in Sources */ = {isa = PBXBuildFile; fileRef = 8A39C0DE2C43FC9F00A7F855 /* HAEDetailView.swift */; };
		8A4D3FFC2C58DC30002B8549 /* ThemeChangeView.swift in Sources */ = {isa = PBXBuildFile; fileRef = 8A4D3FFB2C58DC30002B8549 /* ThemeChangeView.swift */; };
		8A4D3FFE2C58DC3E002B8549 /* ThemeChangeContentView.swift in Sources */ = {isa = PBXBuildFile; fileRef = 8A4D3FFD2C58DC3E002B8549 /* ThemeChangeContentView.swift */; };
		8A4D40002C58DCB9002B8549 /* TCTheme.swift in Sources */ = {isa = PBXBuildFile; fileRef = 8A4D3FFF2C58DCB9002B8549 /* TCTheme.swift */; };
		8A9AC54F2C08ADAD003C3511 /* CoffeTimeApp.swift in Sources */ = {isa = PBXBuildFile; fileRef = 8A9AC54E2C08ADAD003C3511 /* CoffeTimeApp.swift */; };
		8A9AC5512C08ADAD003C3511 /* ContentView.swift in Sources */ = {isa = PBXBuildFile; fileRef = 8A9AC5502C08ADAD003C3511 /* ContentView.swift */; };
		8A9AC5532C08ADAF003C3511 /* Assets.xcassets in Resources */ = {isa = PBXBuildFile; fileRef = 8A9AC5522C08ADAF003C3511 /* Assets.xcassets */; };
		8A9AC5562C08ADAF003C3511 /* Preview Assets.xcassets in Resources */ = {isa = PBXBuildFile; fileRef = 8A9AC5552C08ADAF003C3511 /* Preview Assets.xcassets */; };
		8A9AC55E2C08ADE3003C3511 /* RSContent.swift in Sources */ = {isa = PBXBuildFile; fileRef = 8A9AC55D2C08ADE3003C3511 /* RSContent.swift */; };
		8A9AC5602C08AE21003C3511 /* RangeSliderView.swift in Sources */ = {isa = PBXBuildFile; fileRef = 8A9AC55F2C08AE21003C3511 /* RangeSliderView.swift */; };
		8A9AC5622C08B674003C3511 /* Interpolation.swift in Sources */ = {isa = PBXBuildFile; fileRef = 8A9AC5612C08B674003C3511 /* Interpolation.swift */; };
		8AAD77442C6B86E2004E54D1 /* SHContentView.swift in Sources */ = {isa = PBXBuildFile; fileRef = 8AAD77432C6B86E2004E54D1 /* SHContentView.swift */; };
		8AAD77462C6B86EC004E54D1 /* SHHomeView.swift in Sources */ = {isa = PBXBuildFile; fileRef = 8AAD77452C6B86EC004E54D1 /* SHHomeView.swift */; };
		8AAD77482C6B8A8B004E54D1 /* SHScrollDetector.swift in Sources */ = {isa = PBXBuildFile; fileRef = 8AAD77472C6B8A8B004E54D1 /* SHScrollDetector.swift */; };
		8AAD774A2C6B9425004E54D1 /* SHSampleCardsView.swift in Sources */ = {isa = PBXBuildFile; fileRef = 8AAD77492C6B9425004E54D1 /* SHSampleCardsView.swift */; };
		8AAD774D2C6B9ED4004E54D1 /* DIContentView.swift in Sources */ = {isa = PBXBuildFile; fileRef = 8AAD774C2C6B9ED4004E54D1 /* DIContentView.swift */; };
		8AAD774F2C6B9EDE004E54D1 /* DIHomeView.swift in Sources */ = {isa = PBXBuildFile; fileRef = 8AAD774E2C6B9EDE004E54D1 /* DIHomeView.swift */; };
		8AAD77522C6BA767004E54D1 /* StackedSpring.swift in Sources */ = {isa = PBXBuildFile; fileRef = 8AAD77512C6BA767004E54D1 /* StackedSpring.swift */; };
		8AAD77572C6CCF7A004E54D1 /* STContentView.swift in Sources */ = {isa = PBXBuildFile; fileRef = 8AAD77562C6CCF7A004E54D1 /* STContentView.swift */; };
		8AAD77592C6CCF91004E54D1 /* STHomeView.swift in Sources */ = {isa = PBXBuildFile; fileRef = 8AAD77582C6CCF91004E54D1 /* STHomeView.swift */; };
		8AAD775C2C6CCFA7004E54D1 /* STTab.swift in Sources */ = {isa = PBXBuildFile; fileRef = 8AAD775B2C6CCFA7004E54D1 /* STTab.swift */; };
		8AAD77AD2C6F2F3D004E54D1 /* DummyMessageView.swift in Sources */ = {isa = PBXBuildFile; fileRef = 8AAD77AC2C6F2F3D004E54D1 /* DummyMessageView.swift */; };
		8AAD77AF2C6F3032004E54D1 /* SearchBarHomeView.swift in Sources */ = {isa = PBXBuildFile; fileRef = 8AAD77AE2C6F3032004E54D1 /* SearchBarHomeView.swift */; };
		8AE88A932C5CFD0800C57C4C /* CoverFlowView.swift in Sources */ = {isa = PBXBuildFile; fileRef = 8AE88A922C5CFD0800C57C4C /* CoverFlowView.swift */; };
		8AE88A952C5CFD1800C57C4C /* CoverFlowContentView.swift in Sources */ = {isa = PBXBuildFile; fileRef = 8AE88A942C5CFD1800C57C4C /* CoverFlowContentView.swift */; };
		8AE88A972C5CFDBC00C57C4C /* CoverFlowItem.swift in Sources */ = {isa = PBXBuildFile; fileRef = 8AE88A962C5CFDBC00C57C4C /* CoverFlowItem.swift */; };
		8AE9BCDC2C4008C90084D4E8 /* HeroLayerViewModifier.swift in Sources */ = {isa = PBXBuildFile; fileRef = 8AE9BCDB2C4008C90084D4E8 /* HeroLayerViewModifier.swift */; };
		8AE9BCDE2C400C610084D4E8 /* View+Ext.swift in Sources */ = {isa = PBXBuildFile; fileRef = 8AE9BCDD2C400C610084D4E8 /* View+Ext.swift */; };
		8AEB905B2C3D9EA600F7CD4E /* SourceView.swift in Sources */ = {isa = PBXBuildFile; fileRef = 8AEB905A2C3D9EA600F7CD4E /* SourceView.swift */; };
		8AEB905D2C3D9F2600F7CD4E /* DestinationView.swift in Sources */ = {isa = PBXBuildFile; fileRef = 8AEB905C2C3D9F2600F7CD4E /* DestinationView.swift */; };
		8AF2FB592C19A43E00B98D74 /* SideBarMenuView.swift in Sources */ = {isa = PBXBuildFile; fileRef = 8AF2FB582C19A43E00B98D74 /* SideBarMenuView.swift */; };
		8AF2FB5B2C19A77A00B98D74 /* SideMenuTabs.swift in Sources */ = {isa = PBXBuildFile; fileRef = 8AF2FB5A2C19A77A00B98D74 /* SideMenuTabs.swift */; };
		8AF2FB5F2C19B89B00B98D74 /* SideBarButton.swift in Sources */ = {isa = PBXBuildFile; fileRef = 8AF2FB5E2C19B89B00B98D74 /* SideBarButton.swift */; };
		8AF41A4B2C18764400801F63 /* SideMenuContentView.swift in Sources */ = {isa = PBXBuildFile; fileRef = 8AF41A4A2C18764400801F63 /* SideMenuContentView.swift */; };
		8AF41A4D2C18765900801F63 /* AnimatedSideBar.swift in Sources */ = {isa = PBXBuildFile; fileRef = 8AF41A4C2C18765900801F63 /* AnimatedSideBar.swift */; };
		8AF8629D2C353CD200AEC15A /* CPositionKey.swift in Sources */ = {isa = PBXBuildFile; fileRef = 8AF8629C2C353CD200AEC15A /* CPositionKey.swift */; };
		8AFA1CED2C0DEAD300EC7A39 /* FlipClockTextEffect.swift in Sources */ = {isa = PBXBuildFile; fileRef = 8AFA1CEC2C0DEAD300EC7A39 /* FlipClockTextEffect.swift */; };
		8AFA1CEF2C0DEC2600EC7A39 /* FlipClockTextView.swift in Sources */ = {isa = PBXBuildFile; fileRef = 8AFA1CEE2C0DEC2600EC7A39 /* FlipClockTextView.swift */; };
		8AFA1CF12C0E002900EC7A39 /* RotationModifier.swift in Sources */ = {isa = PBXBuildFile; fileRef = 8AFA1CF02C0E002900EC7A39 /* RotationModifier.swift */; };
/* End PBXBuildFile section */

/* Begin PBXFileReference section */
		8A019B3C2C26BD8200799137 /* SSItem.swift */ = {isa = PBXFileReference; lastKnownFileType = sourcecode.swift; path = SSItem.swift; sourceTree = "<group>"; };
		8A019B3F2C26BED100799137 /* SSContentView.swift */ = {isa = PBXFileReference; lastKnownFileType = sourcecode.swift; path = SSContentView.swift; sourceTree = "<group>"; };
		8A019B412C26BED900799137 /* SSHomeView.swift */ = {isa = PBXFileReference; lastKnownFileType = sourcecode.swift; path = SSHomeView.swift; sourceTree = "<group>"; };
		8A019B432C26C08000799137 /* BottomActionBar.swift */ = {isa = PBXFileReference; lastKnownFileType = sourcecode.swift; path = BottomActionBar.swift; sourceTree = "<group>"; };
		8A019B452C26C4CC00799137 /* StackedCards.swift */ = {isa = PBXFileReference; lastKnownFileType = sourcecode.swift; path = StackedCards.swift; sourceTree = "<group>"; };
		8A019B472C26C6FB00799137 /* SSCardView.swift */ = {isa = PBXFileReference; lastKnownFileType = sourcecode.swift; path = SSCardView.swift; sourceTree = "<group>"; };
		8A019B4A2C26EAC100799137 /* SSHeader.swift */ = {isa = PBXFileReference; lastKnownFileType = sourcecode.swift; path = SSHeader.swift; sourceTree = "<group>"; };
		8A0381EB2C3961CC000CAEE0 /* CustomTransition.swift */ = {isa = PBXFileReference; lastKnownFileType = sourcecode.swift; path = CustomTransition.swift; sourceTree = "<group>"; };
		8A0381EE2C39640B000CAEE0 /* OffsetKey.swift */ = {isa = PBXFileReference; lastKnownFileType = sourcecode.swift; path = OffsetKey.swift; sourceTree = "<group>"; };
		8A06CDBD2C37CE9900F60C1A /* SwipeCardView.swift */ = {isa = PBXFileReference; lastKnownFileType = sourcecode.swift; path = SwipeCardView.swift; sourceTree = "<group>"; };
		8A06CDBF2C37D1B300F60C1A /* SwipeAction.swift */ = {isa = PBXFileReference; lastKnownFileType = sourcecode.swift; path = SwipeAction.swift; sourceTree = "<group>"; };
		8A06CDC12C37E67C00F60C1A /* Action.swift */ = {isa = PBXFileReference; lastKnownFileType = sourcecode.swift; path = Action.swift; sourceTree = "<group>"; };
		8A06CDC32C37E84900F60C1A /* ActionBuilder.swift */ = {isa = PBXFileReference; lastKnownFileType = sourcecode.swift; path = ActionBuilder.swift; sourceTree = "<group>"; };
		8A06CDC52C37E97800F60C1A /* SwipeDirection.swift */ = {isa = PBXFileReference; lastKnownFileType = sourcecode.swift; path = SwipeDirection.swift; sourceTree = "<group>"; };
		8A0717FA2C10373B0017E1E8 /* HackerTextView.swift */ = {isa = PBXFileReference; lastKnownFileType = sourcecode.swift; path = HackerTextView.swift; sourceTree = "<group>"; };
		8A0717FC2C1038370017E1E8 /* HackerTextContentView.swift */ = {isa = PBXFileReference; lastKnownFileType = sourcecode.swift; path = HackerTextContentView.swift; sourceTree = "<group>"; };
		8A07181C2C11918A0017E1E8 /* Card.swift */ = {isa = PBXFileReference; lastKnownFileType = sourcecode.swift; path = Card.swift; sourceTree = "<group>"; };
		8A07181F2C1192BF0017E1E8 /* VCCHome.swift */ = {isa = PBXFileReference; lastKnownFileType = sourcecode.swift; path = VCCHome.swift; sourceTree = "<group>"; };
		8A0718212C1192DF0017E1E8 /* VCCContentView.swift */ = {isa = PBXFileReference; lastKnownFileType = sourcecode.swift; path = VCCContentView.swift; sourceTree = "<group>"; };
		8A0718232C1193D00017E1E8 /* VCCCardView.swift */ = {isa = PBXFileReference; lastKnownFileType = sourcecode.swift; path = VCCCardView.swift; sourceTree = "<group>"; };
		8A07185E2C12E9A50017E1E8 /* GlitchTextContentView.swift */ = {isa = PBXFileReference; lastKnownFileType = sourcecode.swift; path = GlitchTextContentView.swift; sourceTree = "<group>"; };
		8A0718612C12E9C00017E1E8 /* GlitchText.swift */ = {isa = PBXFileReference; lastKnownFileType = sourcecode.swift; path = GlitchText.swift; sourceTree = "<group>"; };
		8A0718632C12EA590017E1E8 /* GTTextView.swift */ = {isa = PBXFileReference; lastKnownFileType = sourcecode.swift; path = GTTextView.swift; sourceTree = "<group>"; };
		8A0718652C12EEEF0017E1E8 /* GTExtendedSpacer.swift */ = {isa = PBXFileReference; lastKnownFileType = sourcecode.swift; path = GTExtendedSpacer.swift; sourceTree = "<group>"; };
		8A0718672C12EFAA0017E1E8 /* GlitchFrame.swift */ = {isa = PBXFileReference; lastKnownFileType = sourcecode.swift; path = GlitchFrame.swift; sourceTree = "<group>"; };
		8A0718692C12F1190017E1E8 /* GlitchFrameBuilder.swift */ = {isa = PBXFileReference; lastKnownFileType = sourcecode.swift; path = GlitchFrameBuilder.swift; sourceTree = "<group>"; };
		8A07186B2C12FE1E0017E1E8 /* GlitchTextAnimation.swift */ = {isa = PBXFileReference; lastKnownFileType = sourcecode.swift; path = GlitchTextAnimation.swift; sourceTree = "<group>"; };
		8A097D8E2C318CDF00F03670 /* PawView.swift */ = {isa = PBXFileReference; lastKnownFileType = sourcecode.swift; path = PawView.swift; sourceTree = "<group>"; };
		8A097D932C3193EE00F03670 /* Message.swift */ = {isa = PBXFileReference; lastKnownFileType = sourcecode.swift; path = Message.swift; sourceTree = "<group>"; };
		8A097D952C3195D100F03670 /* ESAHomeView.swift */ = {isa = PBXFileReference; lastKnownFileType = sourcecode.swift; path = ESAHomeView.swift; sourceTree = "<group>"; };
		8A097D982C319B5E00F03670 /* OffsetHelpers.swift */ = {isa = PBXFileReference; lastKnownFileType = sourcecode.swift; path = OffsetHelpers.swift; sourceTree = "<group>"; };
		8A09C8E42C2DAEAC0097D1DA /* ForgotPassword.swift */ = {isa = PBXFileReference; lastKnownFileType = sourcecode.swift; path = ForgotPassword.swift; sourceTree = "<group>"; };
		8A09C8E62C2DB5B00097D1DA /* PasswordResetView.swift */ = {isa = PBXFileReference; lastKnownFileType = sourcecode.swift; path = PasswordResetView.swift; sourceTree = "<group>"; };
		8A09C8E82C2DB79B0097D1DA /* OTPView.swift */ = {isa = PBXFileReference; lastKnownFileType = sourcecode.swift; path = OTPView.swift; sourceTree = "<group>"; };
		8A0A4A0A2C2ED91F001A47CE /* OTPVerificationView.swift */ = {isa = PBXFileReference; lastKnownFileType = sourcecode.swift; path = OTPVerificationView.swift; sourceTree = "<group>"; };
		8A0A4A0C2C2ED93C001A47CE /* OTPContentView.swift */ = {isa = PBXFileReference; lastKnownFileType = sourcecode.swift; path = OTPContentView.swift; sourceTree = "<group>"; };
		8A0A4A152C2EE1AF001A47CE /* String+Ext.swift */ = {isa = PBXFileReference; lastKnownFileType = sourcecode.swift; path = "String+Ext.swift"; sourceTree = "<group>"; };
		8A0A4A172C2EE94D001A47CE /* LFOTPVerificationView.swift */ = {isa = PBXFileReference; lastKnownFileType = sourcecode.swift; path = LFOTPVerificationView.swift; sourceTree = "<group>"; };
		8A0BF0032C428BB4007D0FC1 /* HeroItem.swift */ = {isa = PBXFileReference; lastKnownFileType = sourcecode.swift; path = HeroItem.swift; sourceTree = "<group>"; };
		8A0BF0052C428ED7007D0FC1 /* HeroCardView.swift */ = {isa = PBXFileReference; lastKnownFileType = sourcecode.swift; path = HeroCardView.swift; sourceTree = "<group>"; };
		8A0BF0092C42959B007D0FC1 /* HeroProfile.swift */ = {isa = PBXFileReference; lastKnownFileType = sourcecode.swift; path = HeroProfile.swift; sourceTree = "<group>"; };
		8A0BF00C2C42967C007D0FC1 /* HAEHomeView.swift */ = {isa = PBXFileReference; lastKnownFileType = sourcecode.swift; path = HAEHomeView.swift; sourceTree = "<group>"; };
		8A0BF00E2C429688007D0FC1 /* HAEContentVeiw.swift */ = {isa = PBXFileReference; lastKnownFileType = sourcecode.swift; path = HAEContentVeiw.swift; sourceTree = "<group>"; };
		8A0C9C2A2C3AB2DD007487DA /* StickyHeaderHomeView.swift */ = {isa = PBXFileReference; lastKnownFileType = sourcecode.swift; path = StickyHeaderHomeView.swift; sourceTree = "<group>"; };
		8A0C9C2C2C3AB2F0007487DA /* StickyHeaderContentView.swift */ = {isa = PBXFileReference; lastKnownFileType = sourcecode.swift; path = StickyHeaderContentView.swift; sourceTree = "<group>"; };
		8A0C9C2E2C3AB3DC007487DA /* StickyHeaderView.swift */ = {isa = PBXFileReference; lastKnownFileType = sourcecode.swift; path = StickyHeaderView.swift; sourceTree = "<group>"; };
		8A0CA0462C3BC49100D10CEF /* StickyHeaderCustomButton.swift */ = {isa = PBXFileReference; lastKnownFileType = sourcecode.swift; path = StickyHeaderCustomButton.swift; sourceTree = "<group>"; };
		8A0D66AB2C3D2719005163F9 /* UHEContentView.swift */ = {isa = PBXFileReference; lastKnownFileType = sourcecode.swift; path = UHEContentView.swift; sourceTree = "<group>"; };
		8A0D66AE2C3D272F005163F9 /* Hero.swift */ = {isa = PBXFileReference; lastKnownFileType = sourcecode.swift; path = Hero.swift; sourceTree = "<group>"; };
		8A0E02032C4CE33A000E8AF9 /* LockView.swift */ = {isa = PBXFileReference; lastKnownFileType = sourcecode.swift; path = LockView.swift; sourceTree = "<group>"; };
		8A0E02052C4CE352000E8AF9 /* LockContentView.swift */ = {isa = PBXFileReference; lastKnownFileType = sourcecode.swift; path = LockContentView.swift; sourceTree = "<group>"; };
		8A0F01C82C0EEE3700B77AB1 /* DummyTab.swift */ = {isa = PBXFileReference; lastKnownFileType = sourcecode.swift; path = DummyTab.swift; sourceTree = "<group>"; };
		8A0F01CA2C0EEF3D00B77AB1 /* TabOffsetReaderView.swift */ = {isa = PBXFileReference; lastKnownFileType = sourcecode.swift; path = TabOffsetReaderView.swift; sourceTree = "<group>"; };
		8A0F01CC2C0EF08200B77AB1 /* PageOffsetObserver.swift */ = {isa = PBXFileReference; lastKnownFileType = sourcecode.swift; path = PageOffsetObserver.swift; sourceTree = "<group>"; };
		8A0F01CE2C0EF10500B77AB1 /* FindCollectionView.swift */ = {isa = PBXFileReference; lastKnownFileType = sourcecode.swift; path = FindCollectionView.swift; sourceTree = "<group>"; };
		8A0F01D02C0EF1B400B77AB1 /* UIView+Extension.swift */ = {isa = PBXFileReference; lastKnownFileType = sourcecode.swift; path = "UIView+Extension.swift"; sourceTree = "<group>"; };
		8A1192412C40ECB600374DA9 /* HeroLayerView.swift */ = {isa = PBXFileReference; lastKnownFileType = sourcecode.swift; path = HeroLayerView.swift; sourceTree = "<group>"; };
		8A1192432C40ECD800374DA9 /* PassthroughWindow.swift */ = {isa = PBXFileReference; lastKnownFileType = sourcecode.swift; path = PassthroughWindow.swift; sourceTree = "<group>"; };
		8A1195182C5BC0A80071AC11 /* APIHome.swift */ = {isa = PBXFileReference; lastKnownFileType = sourcecode.swift; path = APIHome.swift; sourceTree = "<group>"; };
		8A11951A2C5BC0BE0071AC11 /* APIContentView.swift */ = {isa = PBXFileReference; lastKnownFileType = sourcecode.swift; path = APIContentView.swift; sourceTree = "<group>"; };
		8A11951C2C5BC8BF0071AC11 /* Color+Ext.swift */ = {isa = PBXFileReference; lastKnownFileType = sourcecode.swift; path = "Color+Ext.swift"; sourceTree = "<group>"; };
		8A11951F2C5BCB7A0071AC11 /* PagingIndicator.swift */ = {isa = PBXFileReference; lastKnownFileType = sourcecode.swift; path = PagingIndicator.swift; sourceTree = "<group>"; };
		8A13491F2C1B26EC00099F7D /* PHome.swift */ = {isa = PBXFileReference; lastKnownFileType = sourcecode.swift; path = PHome.swift; sourceTree = "<group>"; };
		8A1349212C1B270900099F7D /* ParallaxScrollEffectContent.swift */ = {isa = PBXFileReference; lastKnownFileType = sourcecode.swift; path = ParallaxScrollEffectContent.swift; sourceTree = "<group>"; };
		8A1349232C1B29CB00099F7D /* DummySection.swift */ = {isa = PBXFileReference; lastKnownFileType = sourcecode.swift; path = DummySection.swift; sourceTree = "<group>"; };
		8A1349252C1B2CAA00099F7D /* ParallaxImageView.swift */ = {isa = PBXFileReference; lastKnownFileType = sourcecode.swift; path = ParallaxImageView.swift; sourceTree = "<group>"; };
		8A13493E2C1C40A800099F7D /* PixelArtContentView.swift */ = {isa = PBXFileReference; lastKnownFileType = sourcecode.swift; path = PixelArtContentView.swift; sourceTree = "<group>"; };
		8A1349402C1C40D000099F7D /* PAImageView.swift */ = {isa = PBXFileReference; lastKnownFileType = sourcecode.swift; path = PAImageView.swift; sourceTree = "<group>"; };
		8A1349452C1C6B4A00099F7D /* CarousalItem.swift */ = {isa = PBXFileReference; lastKnownFileType = sourcecode.swift; path = CarousalItem.swift; sourceTree = "<group>"; };
		8A1349472C1C6D6200099F7D /* GoogleMovieCarouselView.swift */ = {isa = PBXFileReference; lastKnownFileType = sourcecode.swift; path = GoogleMovieCarouselView.swift; sourceTree = "<group>"; };
		8A1349492C1C6FEE00099F7D /* CarousalItemView.swift */ = {isa = PBXFileReference; lastKnownFileType = sourcecode.swift; path = CarousalItemView.swift; sourceTree = "<group>"; };
		8A135C272C3504B0007AF05B /* CTab.swift */ = {isa = PBXFileReference; lastKnownFileType = sourcecode.swift; path = CTab.swift; sourceTree = "<group>"; };
		8A135C292C35056D007AF05B /* CustomTabbarContentView.swift */ = {isa = PBXFileReference; lastKnownFileType = sourcecode.swift; path = CustomTabbarContentView.swift; sourceTree = "<group>"; };
		8A135C2B2C35057E007AF05B /* CustomTabbarHomeView.swift */ = {isa = PBXFileReference; lastKnownFileType = sourcecode.swift; path = CustomTabbarHomeView.swift; sourceTree = "<group>"; };
		8A135C2D2C350739007AF05B /* CTabItem.swift */ = {isa = PBXFileReference; lastKnownFileType = sourcecode.swift; path = CTabItem.swift; sourceTree = "<group>"; };
		8A135C2F2C350784007AF05B /* CustomTabBar.swift */ = {isa = PBXFileReference; lastKnownFileType = sourcecode.swift; path = CustomTabBar.swift; sourceTree = "<group>"; };
		8A135C312C350E9B007AF05B /* CTabShape.swift */ = {isa = PBXFileReference; lastKnownFileType = sourcecode.swift; path = CTabShape.swift; sourceTree = "<group>"; };
		8A1A42FC2C370DFF00809BBA /* SwipeContentView.swift */ = {isa = PBXFileReference; lastKnownFileType = sourcecode.swift; path = SwipeContentView.swift; sourceTree = "<group>"; };
		8A1A42FE2C370E0B00809BBA /* SwipeHomeView.swift */ = {isa = PBXFileReference; lastKnownFileType = sourcecode.swift; path = SwipeHomeView.swift; sourceTree = "<group>"; };
		8A1ED12D2C2BF5AB0046BDB9 /* LoginView.swift */ = {isa = PBXFileReference; lastKnownFileType = sourcecode.swift; path = LoginView.swift; sourceTree = "<group>"; };
		8A1ED12F2C2BF5C10046BDB9 /* LoginContentView.swift */ = {isa = PBXFileReference; lastKnownFileType = sourcecode.swift; path = LoginContentView.swift; sourceTree = "<group>"; };
		8A1ED1322C2BF6AC0046BDB9 /* View+Extensions.swift */ = {isa = PBXFileReference; lastKnownFileType = sourcecode.swift; path = "View+Extensions.swift"; sourceTree = "<group>"; };
		8A1ED1342C2BF87B0046BDB9 /* CustomTextField.swift */ = {isa = PBXFileReference; lastKnownFileType = sourcecode.swift; path = CustomTextField.swift; sourceTree = "<group>"; };
		8A1ED1362C2C0CD90046BDB9 /* GradientButton.swift */ = {isa = PBXFileReference; lastKnownFileType = sourcecode.swift; path = GradientButton.swift; sourceTree = "<group>"; };
		8A20ED542C15AA1900D5915D /* DummyColors.swift */ = {isa = PBXFileReference; lastKnownFileType = sourcecode.swift; path = DummyColors.swift; sourceTree = "<group>"; };
		8A20ED562C15AC3800D5915D /* ColorContentView.swift */ = {isa = PBXFileReference; lastKnownFileType = sourcecode.swift; path = ColorContentView.swift; sourceTree = "<group>"; };
		8A325E212C3E4D5800E27325 /* HeroModel.swift */ = {isa = PBXFileReference; lastKnownFileType = sourcecode.swift; path = HeroModel.swift; sourceTree = "<group>"; };
		8A325E252C3E641A00E27325 /* AnchorKey.swift */ = {isa = PBXFileReference; lastKnownFileType = sourcecode.swift; path = AnchorKey.swift; sourceTree = "<group>"; };
		8A325E272C3E652900E27325 /* HeroInfo.swift */ = {isa = PBXFileReference; lastKnownFileType = sourcecode.swift; path = HeroInfo.swift; sourceTree = "<group>"; };
		8A3389A92C2D968500245E6C /* CircleView.swift */ = {isa = PBXFileReference; lastKnownFileType = sourcecode.swift; path = CircleView.swift; sourceTree = "<group>"; };
		8A3389AB2C2D9E9600245E6C /* Signup.swift */ = {isa = PBXFileReference; lastKnownFileType = sourcecode.swift; path = Signup.swift; sourceTree = "<group>"; };
		8A39C0DE2C43FC9F00A7F855 /* HAEDetailView.swift */ = {isa = PBXFileReference; lastKnownFileType = sourcecode.swift; path = HAEDetailView.swift; sourceTree = "<group>"; };
		8A4D3FFB2C58DC30002B8549 /* ThemeChangeView.swift */ = {isa = PBXFileReference; lastKnownFileType = sourcecode.swift; path = ThemeChangeView.swift; sourceTree = "<group>"; };
		8A4D3FFD2C58DC3E002B8549 /* ThemeChangeContentView.swift */ = {isa = PBXFileReference; lastKnownFileType = sourcecode.swift; path = ThemeChangeContentView.swift; sourceTree = "<group>"; };
		8A4D3FFF2C58DCB9002B8549 /* TCTheme.swift */ = {isa = PBXFileReference; lastKnownFileType = sourcecode.swift; path = TCTheme.swift; sourceTree = "<group>"; };
		8A9AC54B2C08ADAD003C3511 /* CoffeTime.app */ = {isa = PBXFileReference; explicitFileType = wrapper.application; includeInIndex = 0; path = CoffeTime.app; sourceTree = BUILT_PRODUCTS_DIR; };
		8A9AC54E2C08ADAD003C3511 /* CoffeTimeApp.swift */ = {isa = PBXFileReference; lastKnownFileType = sourcecode.swift; path = CoffeTimeApp.swift; sourceTree = "<group>"; };
		8A9AC5502C08ADAD003C3511 /* ContentView.swift */ = {isa = PBXFileReference; lastKnownFileType = sourcecode.swift; path = ContentView.swift; sourceTree = "<group>"; };
		8A9AC5522C08ADAF003C3511 /* Assets.xcassets */ = {isa = PBXFileReference; lastKnownFileType = folder.assetcatalog; path = Assets.xcassets; sourceTree = "<group>"; };
		8A9AC5552C08ADAF003C3511 /* Preview Assets.xcassets */ = {isa = PBXFileReference; lastKnownFileType = folder.assetcatalog; path = "Preview Assets.xcassets"; sourceTree = "<group>"; };
		8A9AC55D2C08ADE3003C3511 /* RSContent.swift */ = {isa = PBXFileReference; lastKnownFileType = sourcecode.swift; path = RSContent.swift; sourceTree = "<group>"; };
		8A9AC55F2C08AE21003C3511 /* RangeSliderView.swift */ = {isa = PBXFileReference; lastKnownFileType = sourcecode.swift; path = RangeSliderView.swift; sourceTree = "<group>"; };
		8A9AC5612C08B674003C3511 /* Interpolation.swift */ = {isa = PBXFileReference; lastKnownFileType = sourcecode.swift; path = Interpolation.swift; sourceTree = "<group>"; };
		8AAD77432C6B86E2004E54D1 /* SHContentView.swift */ = {isa = PBXFileReference; lastKnownFileType = sourcecode.swift; path = SHContentView.swift; sourceTree = "<group>"; };
		8AAD77452C6B86EC004E54D1 /* SHHomeView.swift */ = {isa = PBXFileReference; lastKnownFileType = sourcecode.swift; path = SHHomeView.swift; sourceTree = "<group>"; };
		8AAD77472C6B8A8B004E54D1 /* SHScrollDetector.swift */ = {isa = PBXFileReference; lastKnownFileType = sourcecode.swift; path = SHScrollDetector.swift; sourceTree = "<group>"; };
		8AAD77492C6B9425004E54D1 /* SHSampleCardsView.swift */ = {isa = PBXFileReference; lastKnownFileType = sourcecode.swift; path = SHSampleCardsView.swift; sourceTree = "<group>"; };
		8AAD774C2C6B9ED4004E54D1 /* DIContentView.swift */ = {isa = PBXFileReference; lastKnownFileType = sourcecode.swift; path = DIContentView.swift; sourceTree = "<group>"; };
		8AAD774E2C6B9EDE004E54D1 /* DIHomeView.swift */ = {isa = PBXFileReference; lastKnownFileType = sourcecode.swift; path = DIHomeView.swift; sourceTree = "<group>"; };
		8AAD77512C6BA767004E54D1 /* StackedSpring.swift */ = {isa = PBXFileReference; lastKnownFileType = sourcecode.swift; path = StackedSpring.swift; sourceTree = "<group>"; };
		8AAD77562C6CCF7A004E54D1 /* STContentView.swift */ = {isa = PBXFileReference; lastKnownFileType = sourcecode.swift; path = STContentView.swift; sourceTree = "<group>"; };
		8AAD77582C6CCF91004E54D1 /* STHomeView.swift */ = {isa = PBXFileReference; lastKnownFileType = sourcecode.swift; path = STHomeView.swift; sourceTree = "<group>"; };
		8AAD775B2C6CCFA7004E54D1 /* STTab.swift */ = {isa = PBXFileReference; lastKnownFileType = sourcecode.swift; path = STTab.swift; sourceTree = "<group>"; };
		8AAD77AC2C6F2F3D004E54D1 /* DummyMessageView.swift */ = {isa = PBXFileReference; lastKnownFileType = sourcecode.swift; path = DummyMessageView.swift; sourceTree = "<group>"; };
		8AAD77AE2C6F3032004E54D1 /* SearchBarHomeView.swift */ = {isa = PBXFileReference; lastKnownFileType = sourcecode.swift; path = SearchBarHomeView.swift; sourceTree = "<group>"; };
		8AE88A922C5CFD0800C57C4C /* CoverFlowView.swift */ = {isa = PBXFileReference; lastKnownFileType = sourcecode.swift; path = CoverFlowView.swift; sourceTree = "<group>"; };
		8AE88A942C5CFD1800C57C4C /* CoverFlowContentView.swift */ = {isa = PBXFileReference; lastKnownFileType = sourcecode.swift; path = CoverFlowContentView.swift; sourceTree = "<group>"; };
		8AE88A962C5CFDBC00C57C4C /* CoverFlowItem.swift */ = {isa = PBXFileReference; lastKnownFileType = sourcecode.swift; path = CoverFlowItem.swift; sourceTree = "<group>"; };
		8AE9BCDB2C4008C90084D4E8 /* HeroLayerViewModifier.swift */ = {isa = PBXFileReference; lastKnownFileType = sourcecode.swift; path = HeroLayerViewModifier.swift; sourceTree = "<group>"; };
		8AE9BCDD2C400C610084D4E8 /* View+Ext.swift */ = {isa = PBXFileReference; lastKnownFileType = sourcecode.swift; path = "View+Ext.swift"; sourceTree = "<group>"; };
		8AEB905A2C3D9EA600F7CD4E /* SourceView.swift */ = {isa = PBXFileReference; lastKnownFileType = sourcecode.swift; path = SourceView.swift; sourceTree = "<group>"; };
		8AEB905C2C3D9F2600F7CD4E /* DestinationView.swift */ = {isa = PBXFileReference; lastKnownFileType = sourcecode.swift; path = DestinationView.swift; sourceTree = "<group>"; };
		8AF2FB582C19A43E00B98D74 /* SideBarMenuView.swift */ = {isa = PBXFileReference; lastKnownFileType = sourcecode.swift; path = SideBarMenuView.swift; sourceTree = "<group>"; };
		8AF2FB5A2C19A77A00B98D74 /* SideMenuTabs.swift */ = {isa = PBXFileReference; lastKnownFileType = sourcecode.swift; path = SideMenuTabs.swift; sourceTree = "<group>"; };
		8AF2FB5E2C19B89B00B98D74 /* SideBarButton.swift */ = {isa = PBXFileReference; lastKnownFileType = sourcecode.swift; path = SideBarButton.swift; sourceTree = "<group>"; };
		8AF41A4A2C18764400801F63 /* SideMenuContentView.swift */ = {isa = PBXFileReference; lastKnownFileType = sourcecode.swift; path = SideMenuContentView.swift; sourceTree = "<group>"; };
		8AF41A4C2C18765900801F63 /* AnimatedSideBar.swift */ = {isa = PBXFileReference; lastKnownFileType = sourcecode.swift; path = AnimatedSideBar.swift; sourceTree = "<group>"; };
		8AF8629C2C353CD200AEC15A /* CPositionKey.swift */ = {isa = PBXFileReference; lastKnownFileType = sourcecode.swift; path = CPositionKey.swift; sourceTree = "<group>"; };
		8AFA1CEC2C0DEAD300EC7A39 /* FlipClockTextEffect.swift */ = {isa = PBXFileReference; lastKnownFileType = sourcecode.swift; path = FlipClockTextEffect.swift; sourceTree = "<group>"; };
		8AFA1CEE2C0DEC2600EC7A39 /* FlipClockTextView.swift */ = {isa = PBXFileReference; lastKnownFileType = sourcecode.swift; path = FlipClockTextView.swift; sourceTree = "<group>"; };
		8AFA1CF02C0E002900EC7A39 /* RotationModifier.swift */ = {isa = PBXFileReference; lastKnownFileType = sourcecode.swift; path = RotationModifier.swift; sourceTree = "<group>"; };
/* End PBXFileReference section */

/* Begin PBXFrameworksBuildPhase section */
		8A9AC5482C08ADAD003C3511 /* Frameworks */ = {
			isa = PBXFrameworksBuildPhase;
			buildActionMask = 2147483647;
			files = (
			);
			runOnlyForDeploymentPostprocessing = 0;
		};
/* End PBXFrameworksBuildPhase section */

/* Begin PBXGroup section */
		8A019B3B2C26BD6B00799137 /* Stacked scrollview */ = {
			isa = PBXGroup;
			children = (
				8A019B3E2C26BEC500799137 /* View */,
				8A019B3C2C26BD8200799137 /* SSItem.swift */,
			);
			path = "Stacked scrollview";
			sourceTree = "<group>";
		};
		8A019B3E2C26BEC500799137 /* View */ = {
			isa = PBXGroup;
			children = (
				8A019B3F2C26BED100799137 /* SSContentView.swift */,
				8A019B412C26BED900799137 /* SSHomeView.swift */,
				8A019B432C26C08000799137 /* BottomActionBar.swift */,
				8A019B452C26C4CC00799137 /* StackedCards.swift */,
				8A019B472C26C6FB00799137 /* SSCardView.swift */,
				8A019B4A2C26EAC100799137 /* SSHeader.swift */,
			);
			path = View;
			sourceTree = "<group>";
		};
		8A0381ED2C3963E5000CAEE0 /* Helpers */ = {
			isa = PBXGroup;
			children = (
				8A325E252C3E641A00E27325 /* AnchorKey.swift */,
				8A0381EE2C39640B000CAEE0 /* OffsetKey.swift */,
				8AE9BCDD2C400C610084D4E8 /* View+Ext.swift */,
				8A11951C2C5BC8BF0071AC11 /* Color+Ext.swift */,
			);
			path = Helpers;
			sourceTree = "<group>";
		};
		8A0717F92C1037180017E1E8 /* Hacker Text Effect */ = {
			isa = PBXGroup;
			children = (
				8A0717FA2C10373B0017E1E8 /* HackerTextView.swift */,
				8A0717FC2C1038370017E1E8 /* HackerTextContentView.swift */,
			);
			path = "Hacker Text Effect";
			sourceTree = "<group>";
		};
		8A07181A2C11915C0017E1E8 /* Vertical Circular Carousel */ = {
			isa = PBXGroup;
			children = (
				8A07181E2C1192AF0017E1E8 /* View */,
				8A07181B2C1191760017E1E8 /* Model */,
			);
			path = "Vertical Circular Carousel";
			sourceTree = "<group>";
		};
		8A07181B2C1191760017E1E8 /* Model */ = {
			isa = PBXGroup;
			children = (
				8A07181C2C11918A0017E1E8 /* Card.swift */,
			);
			path = Model;
			sourceTree = "<group>";
		};
		8A07181E2C1192AF0017E1E8 /* View */ = {
			isa = PBXGroup;
			children = (
				8A0718232C1193D00017E1E8 /* VCCCardView.swift */,
				8A0718212C1192DF0017E1E8 /* VCCContentView.swift */,
				8A07181F2C1192BF0017E1E8 /* VCCHome.swift */,
			);
			path = View;
			sourceTree = "<group>";
		};
		8A07185D2C12E97B0017E1E8 /* Glitch Text Effect */ = {
			isa = PBXGroup;
			children = (
				8A0718602C12E9AC0017E1E8 /* Helpers */,
				8A07185E2C12E9A50017E1E8 /* GlitchTextContentView.swift */,
				8A07186B2C12FE1E0017E1E8 /* GlitchTextAnimation.swift */,
			);
			path = "Glitch Text Effect";
			sourceTree = "<group>";
		};
		8A0718602C12E9AC0017E1E8 /* Helpers */ = {
			isa = PBXGroup;
			children = (
				8A0718672C12EFAA0017E1E8 /* GlitchFrame.swift */,
				8A0718692C12F1190017E1E8 /* GlitchFrameBuilder.swift */,
				8A0718612C12E9C00017E1E8 /* GlitchText.swift */,
				8A0718652C12EEEF0017E1E8 /* GTExtendedSpacer.swift */,
				8A0718632C12EA590017E1E8 /* GTTextView.swift */,
			);
			path = Helpers;
			sourceTree = "<group>";
		};
		8A097D902C31938000F03670 /* Elastic Scroll Animation */ = {
			isa = PBXGroup;
			children = (
				8A097D972C31989E00F03670 /* Helpers */,
				8A097D922C3193C100F03670 /* View */,
				8A097D912C3193BA00F03670 /* Model */,
			);
			path = "Elastic Scroll Animation";
			sourceTree = "<group>";
		};
		8A097D912C3193BA00F03670 /* Model */ = {
			isa = PBXGroup;
			children = (
				8A097D932C3193EE00F03670 /* Message.swift */,
			);
			path = Model;
			sourceTree = "<group>";
		};
		8A097D922C3193C100F03670 /* View */ = {
			isa = PBXGroup;
			children = (
				8A097D952C3195D100F03670 /* ESAHomeView.swift */,
			);
			path = View;
			sourceTree = "<group>";
		};
		8A097D972C31989E00F03670 /* Helpers */ = {
			isa = PBXGroup;
			children = (
				8A097D982C319B5E00F03670 /* OffsetHelpers.swift */,
			);
			path = Helpers;
			sourceTree = "<group>";
		};
		8A0A4A082C2ED882001A47CE /* Auto OTP TextField */ = {
			isa = PBXGroup;
			children = (
				8A0A4A142C2EE18F001A47CE /* Extension */,
				8A0A4A092C2ED8F4001A47CE /* View */,
			);
			path = "Auto OTP TextField";
			sourceTree = "<group>";
		};
		8A0A4A092C2ED8F4001A47CE /* View */ = {
			isa = PBXGroup;
			children = (
				8A0A4A0A2C2ED91F001A47CE /* OTPVerificationView.swift */,
				8A0A4A0C2C2ED93C001A47CE /* OTPContentView.swift */,
			);
			path = View;
			sourceTree = "<group>";
		};
		8A0A4A142C2EE18F001A47CE /* Extension */ = {
			isa = PBXGroup;
			children = (
				8A0A4A152C2EE1AF001A47CE /* String+Ext.swift */,
			);
			path = Extension;
			sourceTree = "<group>";
		};
		8A0BF0072C429394007D0FC1 /* Progress based hero animation effect */ = {
			isa = PBXGroup;
			children = (
				8A0BF00B2C42965C007D0FC1 /* View */,
				8A0BF0082C429587007D0FC1 /* Model */,
			);
			path = "Progress based hero animation effect";
			sourceTree = "<group>";
		};
		8A0BF0082C429587007D0FC1 /* Model */ = {
			isa = PBXGroup;
			children = (
				8A0BF0092C42959B007D0FC1 /* HeroProfile.swift */,
			);
			path = Model;
			sourceTree = "<group>";
		};
		8A0BF00B2C42965C007D0FC1 /* View */ = {
			isa = PBXGroup;
			children = (
				8A0BF00C2C42967C007D0FC1 /* HAEHomeView.swift */,
				8A0BF00E2C429688007D0FC1 /* HAEContentVeiw.swift */,
				8A39C0DE2C43FC9F00A7F855 /* HAEDetailView.swift */,
			);
			path = View;
			sourceTree = "<group>";
		};
		8A0C9C282C3AB285007487DA /* Sticky Header */ = {
			isa = PBXGroup;
			children = (
				8A0C9C292C3AB2C9007487DA /* View */,
			);
			path = "Sticky Header";
			sourceTree = "<group>";
		};
		8A0C9C292C3AB2C9007487DA /* View */ = {
			isa = PBXGroup;
			children = (
				8A0C9C2C2C3AB2F0007487DA /* StickyHeaderContentView.swift */,
				8A0C9C2A2C3AB2DD007487DA /* StickyHeaderHomeView.swift */,
				8A0C9C2E2C3AB3DC007487DA /* StickyHeaderView.swift */,
				8A0CA0462C3BC49100D10CEF /* StickyHeaderCustomButton.swift */,
			);
			path = View;
			sourceTree = "<group>";
		};
		8A0CA0482C3BC9B400D10CEF /* Extensions */ = {
			isa = PBXGroup;
			children = (
			);
			path = Extensions;
			sourceTree = "<group>";
		};
		8A0D66AA2C3D26E8005163F9 /* Universal hero effect */ = {
			isa = PBXGroup;
			children = (
				8A0D66AD2C3D2723005163F9 /* Helpers */,
				8A0D66AB2C3D2719005163F9 /* UHEContentView.swift */,
			);
			path = "Universal hero effect";
			sourceTree = "<group>";
		};
		8A0D66AD2C3D2723005163F9 /* Helpers */ = {
			isa = PBXGroup;
			children = (
				8AEB905C2C3D9F2600F7CD4E /* DestinationView.swift */,
				8A0D66AE2C3D272F005163F9 /* Hero.swift */,
				8A325E272C3E652900E27325 /* HeroInfo.swift */,
				8AE9BCDB2C4008C90084D4E8 /* HeroLayerViewModifier.swift */,
				8A325E212C3E4D5800E27325 /* HeroModel.swift */,
				8AEB905A2C3D9EA600F7CD4E /* SourceView.swift */,
				8A1192412C40ECB600374DA9 /* HeroLayerView.swift */,
				8A1192432C40ECD800374DA9 /* PassthroughWindow.swift */,
				8A0BF0032C428BB4007D0FC1 /* HeroItem.swift */,
				8A0BF0052C428ED7007D0FC1 /* HeroCardView.swift */,
			);
			path = Helpers;
			sourceTree = "<group>";
		};
		8A0E02012C4CE2E8000E8AF9 /* Lock */ = {
			isa = PBXGroup;
			children = (
				8A0E02022C4CE32D000E8AF9 /* View */,
			);
			path = Lock;
			sourceTree = "<group>";
		};
		8A0E02022C4CE32D000E8AF9 /* View */ = {
			isa = PBXGroup;
			children = (
				8A0E02032C4CE33A000E8AF9 /* LockView.swift */,
				8A0E02052C4CE352000E8AF9 /* LockContentView.swift */,
			);
			path = View;
			sourceTree = "<group>";
		};
		8A0F01C62C0EEE0B00B77AB1 /* Tabview offset reader */ = {
			isa = PBXGroup;
			children = (
				8A0F01CE2C0EF10500B77AB1 /* FindCollectionView.swift */,
				8A0F01C72C0EEE2200B77AB1 /* Model */,
				8A0F01CC2C0EF08200B77AB1 /* PageOffsetObserver.swift */,
				8A0F01CA2C0EEF3D00B77AB1 /* TabOffsetReaderView.swift */,
				8A0F01D02C0EF1B400B77AB1 /* UIView+Extension.swift */,
			);
			path = "Tabview offset reader";
			sourceTree = "<group>";
		};
		8A0F01C72C0EEE2200B77AB1 /* Model */ = {
			isa = PBXGroup;
			children = (
				8A0F01C82C0EEE3700B77AB1 /* DummyTab.swift */,
			);
			path = Model;
			sourceTree = "<group>";
		};
		8A1195162C5BC07A0071AC11 /* Animated Paging Indicators */ = {
			isa = PBXGroup;
			children = (
				8A11951E2C5BC9900071AC11 /* Helper */,
				8A1195172C5BC0930071AC11 /* View */,
			);
			path = "Animated Paging Indicators";
			sourceTree = "<group>";
		};
		8A1195172C5BC0930071AC11 /* View */ = {
			isa = PBXGroup;
			children = (
				8A1195182C5BC0A80071AC11 /* APIHome.swift */,
				8A11951A2C5BC0BE0071AC11 /* APIContentView.swift */,
			);
			path = View;
			sourceTree = "<group>";
		};
		8A11951E2C5BC9900071AC11 /* Helper */ = {
			isa = PBXGroup;
			children = (
				8A11951F2C5BCB7A0071AC11 /* PagingIndicator.swift */,
			);
			path = Helper;
			sourceTree = "<group>";
		};
		8A1195212C5CFC720071AC11 /* Cover Flow */ = {
			isa = PBXGroup;
			children = (
				8A1195222C5CFC7F0071AC11 /* Helpers */,
				8AE88A942C5CFD1800C57C4C /* CoverFlowContentView.swift */,
			);
			path = "Cover Flow";
			sourceTree = "<group>";
		};
		8A1195222C5CFC7F0071AC11 /* Helpers */ = {
			isa = PBXGroup;
			children = (
				8AE88A922C5CFD0800C57C4C /* CoverFlowView.swift */,
				8AE88A962C5CFDBC00C57C4C /* CoverFlowItem.swift */,
			);
			path = Helpers;
			sourceTree = "<group>";
		};
		8A13491D2C1B26A000099F7D /* Parallax Scroll Effect */ = {
			isa = PBXGroup;
			children = (
				8A13491E2C1B26E000099F7D /* View */,
			);
			path = "Parallax Scroll Effect";
			sourceTree = "<group>";
		};
		8A13491E2C1B26E000099F7D /* View */ = {
			isa = PBXGroup;
			children = (
				8A13491F2C1B26EC00099F7D /* PHome.swift */,
				8A1349212C1B270900099F7D /* ParallaxScrollEffectContent.swift */,
				8A1349232C1B29CB00099F7D /* DummySection.swift */,
				8A1349252C1B2CAA00099F7D /* ParallaxImageView.swift */,
			);
			path = View;
			sourceTree = "<group>";
		};
		8A13493D2C1C409000099F7D /* Pixel Art */ = {
			isa = PBXGroup;
			children = (
				8A13493E2C1C40A800099F7D /* PixelArtContentView.swift */,
				8A1349402C1C40D000099F7D /* PAImageView.swift */,
			);
			path = "Pixel Art";
			sourceTree = "<group>";
		};
		8A1349422C1C6B0200099F7D /* Google movie carousal */ = {
			isa = PBXGroup;
			children = (
				8A1349442C1C6B3900099F7D /* Model */,
				8A1349432C1C6B3200099F7D /* View */,
			);
			path = "Google movie carousal";
			sourceTree = "<group>";
		};
		8A1349432C1C6B3200099F7D /* View */ = {
			isa = PBXGroup;
			children = (
				8A1349472C1C6D6200099F7D /* GoogleMovieCarouselView.swift */,
				8A1349492C1C6FEE00099F7D /* CarousalItemView.swift */,
			);
			path = View;
			sourceTree = "<group>";
		};
		8A1349442C1C6B3900099F7D /* Model */ = {
			isa = PBXGroup;
			children = (
				8A1349452C1C6B4A00099F7D /* CarousalItem.swift */,
			);
			path = Model;
			sourceTree = "<group>";
		};
		8A135C242C350462007AF05B /* Curved custom tabbar */ = {
			isa = PBXGroup;
			children = (
				8AF8629B2C353CC200AEC15A /* Helpers */,
				8A135C262C350498007AF05B /* Model */,
				8A135C252C350494007AF05B /* View */,
			);
			path = "Curved custom tabbar";
			sourceTree = "<group>";
		};
		8A135C252C350494007AF05B /* View */ = {
			isa = PBXGroup;
			children = (
				8A135C292C35056D007AF05B /* CustomTabbarContentView.swift */,
				8A135C2B2C35057E007AF05B /* CustomTabbarHomeView.swift */,
				8A135C2D2C350739007AF05B /* CTabItem.swift */,
				8A135C2F2C350784007AF05B /* CustomTabBar.swift */,
				8A135C312C350E9B007AF05B /* CTabShape.swift */,
			);
			path = View;
			sourceTree = "<group>";
		};
		8A135C262C350498007AF05B /* Model */ = {
			isa = PBXGroup;
			children = (
				8A135C272C3504B0007AF05B /* CTab.swift */,
			);
			path = Model;
			sourceTree = "<group>";
		};
		8A1A42FB2C370DCF00809BBA /* Swipe Actions for scrollview */ = {
			isa = PBXGroup;
			children = (
				8A06CDC12C37E67C00F60C1A /* Action.swift */,
				8A06CDC32C37E84900F60C1A /* ActionBuilder.swift */,
				8A0381EB2C3961CC000CAEE0 /* CustomTransition.swift */,
				8A06CDBF2C37D1B300F60C1A /* SwipeAction.swift */,
				8A06CDBD2C37CE9900F60C1A /* SwipeCardView.swift */,
				8A1A42FC2C370DFF00809BBA /* SwipeContentView.swift */,
				8A06CDC52C37E97800F60C1A /* SwipeDirection.swift */,
				8A1A42FE2C370E0B00809BBA /* SwipeHomeView.swift */,
			);
			path = "Swipe Actions for scrollview";
			sourceTree = "<group>";
		};
		8A1ED12B2C2BF57F0046BDB9 /* Login Flow */ = {
			isa = PBXGroup;
			children = (
				8A3389A82C2D967900245E6C /* Components */,
				8A1ED1312C2BF6990046BDB9 /* Helpers */,
				8A1ED12C2C2BF58D0046BDB9 /* View */,
				8A1ED12F2C2BF5C10046BDB9 /* LoginContentView.swift */,
			);
			path = "Login Flow";
			sourceTree = "<group>";
		};
		8A1ED12C2C2BF58D0046BDB9 /* View */ = {
			isa = PBXGroup;
			children = (
				8A1ED1342C2BF87B0046BDB9 /* CustomTextField.swift */,
				8A1ED1362C2C0CD90046BDB9 /* GradientButton.swift */,
				8A1ED12D2C2BF5AB0046BDB9 /* LoginView.swift */,
				8A3389AB2C2D9E9600245E6C /* Signup.swift */,
				8A09C8E42C2DAEAC0097D1DA /* ForgotPassword.swift */,
				8A09C8E62C2DB5B00097D1DA /* PasswordResetView.swift */,
				8A09C8E82C2DB79B0097D1DA /* OTPView.swift */,
				8A0A4A172C2EE94D001A47CE /* LFOTPVerificationView.swift */,
			);
			path = View;
			sourceTree = "<group>";
		};
		8A1ED1312C2BF6990046BDB9 /* Helpers */ = {
			isa = PBXGroup;
			children = (
				8A1ED1322C2BF6AC0046BDB9 /* View+Extensions.swift */,
			);
			path = Helpers;
			sourceTree = "<group>";
		};
		8A20ED522C15A9DB00D5915D /* SwiftData */ = {
			isa = PBXGroup;
			children = (
				8A20ED532C15A9F500D5915D /* Value transformers with transformable */,
			);
			path = SwiftData;
			sourceTree = "<group>";
		};
		8A20ED532C15A9F500D5915D /* Value transformers with transformable */ = {
			isa = PBXGroup;
			children = (
				8A20ED542C15AA1900D5915D /* DummyColors.swift */,
				8A20ED562C15AC3800D5915D /* ColorContentView.swift */,
			);
			path = "Value transformers with transformable";
			sourceTree = "<group>";
		};
		8A23B20B2C58DBB800155D9A /* Theme Switcher UI */ = {
			isa = PBXGroup;
			children = (
				8A23B20C2C58DBD800155D9A /* Helpers */,
				8A4D3FFD2C58DC3E002B8549 /* ThemeChangeContentView.swift */,
			);
			path = "Theme Switcher UI";
			sourceTree = "<group>";
		};
		8A23B20C2C58DBD800155D9A /* Helpers */ = {
			isa = PBXGroup;
			children = (
				8A4D3FFB2C58DC30002B8549 /* ThemeChangeView.swift */,
				8A4D3FFF2C58DCB9002B8549 /* TCTheme.swift */,
			);
			path = Helpers;
			sourceTree = "<group>";
		};
		8A3389A82C2D967900245E6C /* Components */ = {
			isa = PBXGroup;
			children = (
				8A3389A92C2D968500245E6C /* CircleView.swift */,
				8A097D8E2C318CDF00F03670 /* PawView.swift */,
			);
			path = Components;
			sourceTree = "<group>";
		};
		8A9AC5422C08ADAD003C3511 = {
			isa = PBXGroup;
			children = (
				8A9AC54D2C08ADAD003C3511 /* CoffeTime */,
				8A9AC54C2C08ADAD003C3511 /* Products */,
			);
			sourceTree = "<group>";
		};
		8A9AC54C2C08ADAD003C3511 /* Products */ = {
			isa = PBXGroup;
			children = (
				8A9AC54B2C08ADAD003C3511 /* CoffeTime.app */,
			);
			name = Products;
			sourceTree = "<group>";
		};
		8A9AC54D2C08ADAD003C3511 /* CoffeTime */ = {
			isa = PBXGroup;
			children = (
				8AAD77AB2C6F2EAD004E54D1 /* Search bar */,
				8A1195162C5BC07A0071AC11 /* Animated Paging Indicators */,
				8AAD77502C6BA74F004E54D1 /* Animation single examples */,
				8A9AC5522C08ADAF003C3511 /* Assets.xcassets */,
				8A0A4A082C2ED882001A47CE /* Auto OTP TextField */,
				8A9AC54E2C08ADAD003C3511 /* CoffeTimeApp.swift */,
				8A9AC5502C08ADAD003C3511 /* ContentView.swift */,
				8A1195212C5CFC720071AC11 /* Cover Flow */,
				8A135C242C350462007AF05B /* Curved custom tabbar */,
				8AAD774B2C6B9EBC004E54D1 /* Draggable Images */,
				8A097D902C31938000F03670 /* Elastic Scroll Animation */,
				8A0CA0482C3BC9B400D10CEF /* Extensions */,
				8AFA1CEA2C0DEA9100EC7A39 /* Flip Clock Text Effect */,
				8A07185D2C12E97B0017E1E8 /* Glitch Text Effect */,
				8A1349422C1C6B0200099F7D /* Google movie carousal */,
				8A0717F92C1037180017E1E8 /* Hacker Text Effect */,
				8A0381ED2C3963E5000CAEE0 /* Helpers */,
				8AF41A492C18761000801F63 /* Interactive side menu */,
				8A0E02012C4CE2E8000E8AF9 /* Lock */,
				8A1ED12B2C2BF57F0046BDB9 /* Login Flow */,
				8A13491D2C1B26A000099F7D /* Parallax Scroll Effect */,
				8A13493D2C1C409000099F7D /* Pixel Art */,
				8A9AC5542C08ADAF003C3511 /* Preview Content */,
				8A0BF0072C429394007D0FC1 /* Progress based hero animation effect */,
				8A9AC55C2C08ADC9003C3511 /* RangeSlider */,
				8AAD77532C6CCEE1004E54D1 /* Scrollable tabs */,
				8A019B3B2C26BD6B00799137 /* Stacked scrollview */,
				8A0C9C282C3AB285007487DA /* Sticky Header */,
				8AAD77422C6B86C1004E54D1 /* StickyHeader */,
				8A20ED522C15A9DB00D5915D /* SwiftData */,
				8A1A42FB2C370DCF00809BBA /* Swipe Actions for scrollview */,
				8A0F01C62C0EEE0B00B77AB1 /* Tabview offset reader */,
				8A23B20B2C58DBB800155D9A /* Theme Switcher UI */,
				8A0D66AA2C3D26E8005163F9 /* Universal hero effect */,
				8A07181A2C11915C0017E1E8 /* Vertical Circular Carousel */,
			);
			path = CoffeTime;
			sourceTree = "<group>";
		};
		8A9AC5542C08ADAF003C3511 /* Preview Content */ = {
			isa = PBXGroup;
			children = (
				8A9AC5552C08ADAF003C3511 /* Preview Assets.xcassets */,
			);
			path = "Preview Content";
			sourceTree = "<group>";
		};
		8A9AC55C2C08ADC9003C3511 /* RangeSlider */ = {
			isa = PBXGroup;
			children = (
				8A9AC55D2C08ADE3003C3511 /* RSContent.swift */,
				8A9AC55F2C08AE21003C3511 /* RangeSliderView.swift */,
				8A9AC5612C08B674003C3511 /* Interpolation.swift */,
			);
			path = RangeSlider;
			sourceTree = "<group>";
		};
		8AAD77422C6B86C1004E54D1 /* StickyHeader */ = {
			isa = PBXGroup;
			children = (
				8AAD77432C6B86E2004E54D1 /* SHContentView.swift */,
				8AAD77452C6B86EC004E54D1 /* SHHomeView.swift */,
				8AAD77472C6B8A8B004E54D1 /* SHScrollDetector.swift */,
				8AAD77492C6B9425004E54D1 /* SHSampleCardsView.swift */,
			);
			path = StickyHeader;
			sourceTree = "<group>";
		};
		8AAD774B2C6B9EBC004E54D1 /* Draggable Images */ = {
			isa = PBXGroup;
			children = (
				8AAD774C2C6B9ED4004E54D1 /* DIContentView.swift */,
				8AAD774E2C6B9EDE004E54D1 /* DIHomeView.swift */,
			);
			path = "Draggable Images";
			sourceTree = "<group>";
		};
		8AAD77502C6BA74F004E54D1 /* Animation single examples */ = {
			isa = PBXGroup;
			children = (
				8AAD77512C6BA767004E54D1 /* StackedSpring.swift */,
			);
			path = "Animation single examples";
			sourceTree = "<group>";
		};
		8AAD77532C6CCEE1004E54D1 /* Scrollable tabs */ = {
			isa = PBXGroup;
			children = (
				8AAD775A2C6CCF95004E54D1 /* Model */,
				8AAD77562C6CCF7A004E54D1 /* STContentView.swift */,
				8AAD77582C6CCF91004E54D1 /* STHomeView.swift */,
			);
			path = "Scrollable tabs";
			sourceTree = "<group>";
		};
		8AAD775A2C6CCF95004E54D1 /* Model */ = {
			isa = PBXGroup;
			children = (
				8AAD775B2C6CCFA7004E54D1 /* STTab.swift */,
			);
			path = Model;
			sourceTree = "<group>";
		};
		8AAD77AB2C6F2EAD004E54D1 /* Search bar */ = {
			isa = PBXGroup;
			children = (
				8AAD77AC2C6F2F3D004E54D1 /* DummyMessageView.swift */,
				8AAD77AE2C6F3032004E54D1 /* SearchBarHomeView.swift */,
			);
			path = "Search bar";
			sourceTree = "<group>";
		};
		8AF41A492C18761000801F63 /* Interactive side menu */ = {
			isa = PBXGroup;
			children = (
				8AF41A4A2C18764400801F63 /* SideMenuContentView.swift */,
				8AF41A4C2C18765900801F63 /* AnimatedSideBar.swift */,
				8AF2FB582C19A43E00B98D74 /* SideBarMenuView.swift */,
				8AF2FB5A2C19A77A00B98D74 /* SideMenuTabs.swift */,
				8AF2FB5E2C19B89B00B98D74 /* SideBarButton.swift */,
			);
			path = "Interactive side menu";
			sourceTree = "<group>";
		};
		8AF8629B2C353CC200AEC15A /* Helpers */ = {
			isa = PBXGroup;
			children = (
				8AF8629C2C353CD200AEC15A /* CPositionKey.swift */,
			);
			path = Helpers;
			sourceTree = "<group>";
		};
		8AFA1CEA2C0DEA9100EC7A39 /* Flip Clock Text Effect */ = {
			isa = PBXGroup;
			children = (
				8AFA1CEB2C0DEAC200EC7A39 /* Helpers */,
				8AFA1CEE2C0DEC2600EC7A39 /* FlipClockTextView.swift */,
			);
			path = "Flip Clock Text Effect";
			sourceTree = "<group>";
		};
		8AFA1CEB2C0DEAC200EC7A39 /* Helpers */ = {
			isa = PBXGroup;
			children = (
				8AFA1CEC2C0DEAD300EC7A39 /* FlipClockTextEffect.swift */,
				8AFA1CF02C0E002900EC7A39 /* RotationModifier.swift */,
			);
			path = Helpers;
			sourceTree = "<group>";
		};
/* End PBXGroup section */

/* Begin PBXNativeTarget section */
		8A9AC54A2C08ADAD003C3511 /* CoffeTime */ = {
			isa = PBXNativeTarget;
			buildConfigurationList = 8A9AC5592C08ADAF003C3511 /* Build configuration list for PBXNativeTarget "CoffeTime" */;
			buildPhases = (
				8A9AC5472C08ADAD003C3511 /* Sources */,
				8A9AC5482C08ADAD003C3511 /* Frameworks */,
				8A9AC5492C08ADAD003C3511 /* Resources */,
			);
			buildRules = (
			);
			dependencies = (
			);
			name = CoffeTime;
			productName = CoffeTime;
			productReference = 8A9AC54B2C08ADAD003C3511 /* CoffeTime.app */;
			productType = "com.apple.product-type.application";
		};
/* End PBXNativeTarget section */

/* Begin PBXProject section */
		8A9AC5432C08ADAD003C3511 /* Project object */ = {
			isa = PBXProject;
			attributes = {
				BuildIndependentTargetsInParallel = 1;
				LastSwiftUpdateCheck = 1500;
				LastUpgradeCheck = 1500;
				TargetAttributes = {
					8A9AC54A2C08ADAD003C3511 = {
						CreatedOnToolsVersion = 15.0.1;
					};
				};
			};
			buildConfigurationList = 8A9AC5462C08ADAD003C3511 /* Build configuration list for PBXProject "CoffeTime" */;
			compatibilityVersion = "Xcode 14.0";
			developmentRegion = en;
			hasScannedForEncodings = 0;
			knownRegions = (
				en,
				Base,
			);
			mainGroup = 8A9AC5422C08ADAD003C3511;
			productRefGroup = 8A9AC54C2C08ADAD003C3511 /* Products */;
			projectDirPath = "";
			projectRoot = "";
			targets = (
				8A9AC54A2C08ADAD003C3511 /* CoffeTime */,
			);
		};
/* End PBXProject section */

/* Begin PBXResourcesBuildPhase section */
		8A9AC5492C08ADAD003C3511 /* Resources */ = {
			isa = PBXResourcesBuildPhase;
			buildActionMask = 2147483647;
			files = (
				8A9AC5562C08ADAF003C3511 /* Preview Assets.xcassets in Resources */,
				8A9AC5532C08ADAF003C3511 /* Assets.xcassets in Resources */,
			);
			runOnlyForDeploymentPostprocessing = 0;
		};
/* End PBXResourcesBuildPhase section */

/* Begin PBXSourcesBuildPhase section */
		8A9AC5472C08ADAD003C3511 /* Sources */ = {
			isa = PBXSourcesBuildPhase;
			buildActionMask = 2147483647;
			files = (
				8A0BF00F2C429688007D0FC1 /* HAEContentVeiw.swift in Sources */,
				8AAD77AF2C6F3032004E54D1 /* SearchBarHomeView.swift in Sources */,
				8A0718642C12EA590017E1E8 /* GTTextView.swift in Sources */,
				8A13493F2C1C40A800099F7D /* PixelArtContentView.swift in Sources */,
				8A07186A2C12F1190017E1E8 /* GlitchFrameBuilder.swift in Sources */,
				8A325E282C3E652900E27325 /* HeroInfo.swift in Sources */,
				8A325E222C3E4D5800E27325 /* HeroModel.swift in Sources */,
				8AFA1CF12C0E002900EC7A39 /* RotationModifier.swift in Sources */,
				8AF8629D2C353CD200AEC15A /* CPositionKey.swift in Sources */,
				8A135C302C350784007AF05B /* CustomTabBar.swift in Sources */,
				8AE88A952C5CFD1800C57C4C /* CoverFlowContentView.swift in Sources */,
				8AAD77522C6BA767004E54D1 /* StackedSpring.swift in Sources */,
				8A0BF0062C428ED7007D0FC1 /* HeroCardView.swift in Sources */,
				8A1192442C40ECD800374DA9 /* PassthroughWindow.swift in Sources */,
				8A20ED552C15AA1900D5915D /* DummyColors.swift in Sources */,
				8A1ED1302C2BF5C10046BDB9 /* LoginContentView.swift in Sources */,
				8A135C2E2C350739007AF05B /* CTabItem.swift in Sources */,
				8A0BF00D2C42967C007D0FC1 /* HAEHomeView.swift in Sources */,
				8A097D992C319B5E00F03670 /* OffsetHelpers.swift in Sources */,
				8A3389AA2C2D968500245E6C /* CircleView.swift in Sources */,
				8AAD774F2C6B9EDE004E54D1 /* DIHomeView.swift in Sources */,
				8A1349262C1B2CAA00099F7D /* ParallaxImageView.swift in Sources */,
				8A1349462C1C6B4A00099F7D /* CarousalItem.swift in Sources */,
				8A0718682C12EFAA0017E1E8 /* GlitchFrame.swift in Sources */,
				8A019B442C26C08000799137 /* BottomActionBar.swift in Sources */,
				8A4D3FFC2C58DC30002B8549 /* ThemeChangeView.swift in Sources */,
				8AEB905D2C3D9F2600F7CD4E /* DestinationView.swift in Sources */,
				8A1349222C1B270900099F7D /* ParallaxScrollEffectContent.swift in Sources */,
				8AAD77482C6B8A8B004E54D1 /* SHScrollDetector.swift in Sources */,
				8A0E02042C4CE33A000E8AF9 /* LockView.swift in Sources */,
				8A0C9C2F2C3AB3DC007487DA /* StickyHeaderView.swift in Sources */,
				8A0F01D12C0EF1B400B77AB1 /* UIView+Extension.swift in Sources */,
				8A0BF0042C428BB4007D0FC1 /* HeroItem.swift in Sources */,
				8AAD775C2C6CCFA7004E54D1 /* STTab.swift in Sources */,
				8A39C0DF2C43FC9F00A7F855 /* HAEDetailView.swift in Sources */,
				8A0C9C2B2C3AB2DD007487DA /* StickyHeaderHomeView.swift in Sources */,
				8A0A4A182C2EE94D001A47CE /* LFOTPVerificationView.swift in Sources */,
				8A1A42FF2C370E0B00809BBA /* SwipeHomeView.swift in Sources */,
				8AAD77AD2C6F2F3D004E54D1 /* DummyMessageView.swift in Sources */,
				8A9AC5622C08B674003C3511 /* Interpolation.swift in Sources */,
				8A09C8E52C2DAEAC0097D1DA /* ForgotPassword.swift in Sources */,
				8A1ED1372C2C0CD90046BDB9 /* GradientButton.swift in Sources */,
				8AFA1CED2C0DEAD300EC7A39 /* FlipClockTextEffect.swift in Sources */,
				8AAD77442C6B86E2004E54D1 /* SHContentView.swift in Sources */,
				8A07185F2C12E9A50017E1E8 /* GlitchTextContentView.swift in Sources */,
				8A1A42FD2C370DFF00809BBA /* SwipeContentView.swift in Sources */,
				8A07186C2C12FE1E0017E1E8 /* GlitchTextAnimation.swift in Sources */,
				8A11951B2C5BC0BE0071AC11 /* APIContentView.swift in Sources */,
				8A1349412C1C40D000099F7D /* PAImageView.swift in Sources */,
				8AFA1CEF2C0DEC2600EC7A39 /* FlipClockTextView.swift in Sources */,
				8A097D942C3193EE00F03670 /* Message.swift in Sources */,
				8A0381EC2C3961CC000CAEE0 /* CustomTransition.swift in Sources */,
				8A0A4A0B2C2ED91F001A47CE /* OTPVerificationView.swift in Sources */,
				8A09C8E92C2DB79B0097D1DA /* OTPView.swift in Sources */,
				8A0718222C1192DF0017E1E8 /* VCCContentView.swift in Sources */,
				8A06CDC02C37D1B300F60C1A /* SwipeAction.swift in Sources */,
				8A135C2A2C35056D007AF05B /* CustomTabbarContentView.swift in Sources */,
				8A3389AC2C2D9E9600245E6C /* Signup.swift in Sources */,
				8AF2FB5F2C19B89B00B98D74 /* SideBarButton.swift in Sources */,
				8A0D66AC2C3D2719005163F9 /* UHEContentView.swift in Sources */,
				8A019B462C26C4CC00799137 /* StackedCards.swift in Sources */,
				8A1349242C1B29CB00099F7D /* DummySection.swift in Sources */,
				8A135C2C2C35057E007AF05B /* CustomTabbarHomeView.swift in Sources */,
				8A1ED1332C2BF6AC0046BDB9 /* View+Extensions.swift in Sources */,
				8A1195192C5BC0A80071AC11 /* APIHome.swift in Sources */,
				8A0717FD2C1038370017E1E8 /* HackerTextContentView.swift in Sources */,
				8A0A4A0D2C2ED93C001A47CE /* OTPContentView.swift in Sources */,
				8A0C9C2D2C3AB2F0007487DA /* StickyHeaderContentView.swift in Sources */,
				8A0F01CB2C0EEF3D00B77AB1 /* TabOffsetReaderView.swift in Sources */,
				8A019B4B2C26EAC100799137 /* SSHeader.swift in Sources */,
				8AAD77572C6CCF7A004E54D1 /* STContentView.swift in Sources */,
				8AF41A4B2C18764400801F63 /* SideMenuContentView.swift in Sources */,
				8A06CDC22C37E67C00F60C1A /* Action.swift in Sources */,
				8AF2FB592C19A43E00B98D74 /* SideBarMenuView.swift in Sources */,
				8A019B3D2C26BD8200799137 /* SSItem.swift in Sources */,
				8A0A4A162C2EE1AF001A47CE /* String+Ext.swift in Sources */,
				8A20ED572C15AC3800D5915D /* ColorContentView.swift in Sources */,
				8AF2FB5B2C19A77A00B98D74 /* SideMenuTabs.swift in Sources */,
				8A1195202C5BCB7A0071AC11 /* PagingIndicator.swift in Sources */,
				8A9AC55E2C08ADE3003C3511 /* RSContent.swift in Sources */,
				8A1349482C1C6D6200099F7D /* GoogleMovieCarouselView.swift in Sources */,
				8AAD774A2C6B9425004E54D1 /* SHSampleCardsView.swift in Sources */,
				8A0381EF2C39640B000CAEE0 /* OffsetKey.swift in Sources */,
				8A1192422C40ECB600374DA9 /* HeroLayerView.swift in Sources */,
				8A13494A2C1C6FEE00099F7D /* CarousalItemView.swift in Sources */,
				8A097D8F2C318CDF00F03670 /* PawView.swift in Sources */,
				8A0718622C12E9C00017E1E8 /* GlitchText.swift in Sources */,
				8A1349202C1B26EC00099F7D /* PHome.swift in Sources */,
				8AAD77592C6CCF91004E54D1 /* STHomeView.swift in Sources */,
				8A1ED1352C2BF87B0046BDB9 /* CustomTextField.swift in Sources */,
				8A0D66AF2C3D272F005163F9 /* Hero.swift in Sources */,
				8A9AC5512C08ADAD003C3511 /* ContentView.swift in Sources */,
				8AF41A4D2C18765900801F63 /* AnimatedSideBar.swift in Sources */,
				8A06CDC62C37E97800F60C1A /* SwipeDirection.swift in Sources */,
				8A135C282C3504B0007AF05B /* CTab.swift in Sources */,
				8A0718242C1193D00017E1E8 /* VCCCardView.swift in Sources */,
				8A0CA0472C3BC49100D10CEF /* StickyHeaderCustomButton.swift in Sources */,
				8A11951D2C5BC8BF0071AC11 /* Color+Ext.swift in Sources */,
				8AE9BCDC2C4008C90084D4E8 /* HeroLayerViewModifier.swift in Sources */,
				8A9AC54F2C08ADAD003C3511 /* CoffeTimeApp.swift in Sources */,
				8A09C8E72C2DB5B00097D1DA /* PasswordResetView.swift in Sources */,
				8A1ED12E2C2BF5AB0046BDB9 /* LoginView.swift in Sources */,
				8A9AC5602C08AE21003C3511 /* RangeSliderView.swift in Sources */,
				8AAD77462C6B86EC004E54D1 /* SHHomeView.swift in Sources */,
				8A0F01C92C0EEE3700B77AB1 /* DummyTab.swift in Sources */,
				8A4D40002C58DCB9002B8549 /* TCTheme.swift in Sources */,
				8A06CDC42C37E84900F60C1A /* ActionBuilder.swift in Sources */,
				8A135C322C350E9B007AF05B /* CTabShape.swift in Sources */,
				8AE9BCDE2C400C610084D4E8 /* View+Ext.swift in Sources */,
				8A0717FB2C10373B0017E1E8 /* HackerTextView.swift in Sources */,
				8A325E262C3E641A00E27325 /* AnchorKey.swift in Sources */,
				8A0718662C12EEEF0017E1E8 /* GTExtendedSpacer.swift in Sources */,
				8A06CDBE2C37CE9900F60C1A /* SwipeCardView.swift in Sources */,
				8AEB905B2C3D9EA600F7CD4E /* SourceView.swift in Sources */,
				8AAD774D2C6B9ED4004E54D1 /* DIContentView.swift in Sources */,
				8A0BF00A2C42959B007D0FC1 /* HeroProfile.swift in Sources */,
				8A0F01CD2C0EF08200B77AB1 /* PageOffsetObserver.swift in Sources */,
				8AE88A932C5CFD0800C57C4C /* CoverFlowView.swift in Sources */,
				8A097D962C3195D100F03670 /* ESAHomeView.swift in Sources */,
				8A019B422C26BED900799137 /* SSHomeView.swift in Sources */,
				8A0F01CF2C0EF10500B77AB1 /* FindCollectionView.swift in Sources */,
				8A0718202C1192BF0017E1E8 /* VCCHome.swift in Sources */,
				8A019B402C26BED100799137 /* SSContentView.swift in Sources */,
				8A0E02062C4CE352000E8AF9 /* LockContentView.swift in Sources */,
				8AE88A972C5CFDBC00C57C4C /* CoverFlowItem.swift in Sources */,
				8A019B482C26C6FB00799137 /* SSCardView.swift in Sources */,
				8A4D3FFE2C58DC3E002B8549 /* ThemeChangeContentView.swift in Sources */,
				8A07181D2C11918A0017E1E8 /* Card.swift in Sources */,
			);
			runOnlyForDeploymentPostprocessing = 0;
		};
/* End PBXSourcesBuildPhase section */

/* Begin XCBuildConfiguration section */
		8A9AC5572C08ADAF003C3511 /* Debug */ = {
			isa = XCBuildConfiguration;
			buildSettings = {
				ALWAYS_SEARCH_USER_PATHS = NO;
				ASSETCATALOG_COMPILER_GENERATE_SWIFT_ASSET_SYMBOL_EXTENSIONS = YES;
				CLANG_ANALYZER_NONNULL = YES;
				CLANG_ANALYZER_NUMBER_OBJECT_CONVERSION = YES_AGGRESSIVE;
				CLANG_CXX_LANGUAGE_STANDARD = "gnu++20";
				CLANG_ENABLE_MODULES = YES;
				CLANG_ENABLE_OBJC_ARC = YES;
				CLANG_ENABLE_OBJC_WEAK = YES;
				CLANG_WARN_BLOCK_CAPTURE_AUTORELEASING = YES;
				CLANG_WARN_BOOL_CONVERSION = YES;
				CLANG_WARN_COMMA = YES;
				CLANG_WARN_CONSTANT_CONVERSION = YES;
				CLANG_WARN_DEPRECATED_OBJC_IMPLEMENTATIONS = YES;
				CLANG_WARN_DIRECT_OBJC_ISA_USAGE = YES_ERROR;
				CLANG_WARN_DOCUMENTATION_COMMENTS = YES;
				CLANG_WARN_EMPTY_BODY = YES;
				CLANG_WARN_ENUM_CONVERSION = YES;
				CLANG_WARN_INFINITE_RECURSION = YES;
				CLANG_WARN_INT_CONVERSION = YES;
				CLANG_WARN_NON_LITERAL_NULL_CONVERSION = YES;
				CLANG_WARN_OBJC_IMPLICIT_RETAIN_SELF = YES;
				CLANG_WARN_OBJC_LITERAL_CONVERSION = YES;
				CLANG_WARN_OBJC_ROOT_CLASS = YES_ERROR;
				CLANG_WARN_QUOTED_INCLUDE_IN_FRAMEWORK_HEADER = YES;
				CLANG_WARN_RANGE_LOOP_ANALYSIS = YES;
				CLANG_WARN_STRICT_PROTOTYPES = YES;
				CLANG_WARN_SUSPICIOUS_MOVE = YES;
				CLANG_WARN_UNGUARDED_AVAILABILITY = YES_AGGRESSIVE;
				CLANG_WARN_UNREACHABLE_CODE = YES;
				CLANG_WARN__DUPLICATE_METHOD_MATCH = YES;
				COPY_PHASE_STRIP = NO;
				DEBUG_INFORMATION_FORMAT = dwarf;
				ENABLE_STRICT_OBJC_MSGSEND = YES;
				ENABLE_TESTABILITY = YES;
				ENABLE_USER_SCRIPT_SANDBOXING = YES;
				GCC_C_LANGUAGE_STANDARD = gnu17;
				GCC_DYNAMIC_NO_PIC = NO;
				GCC_NO_COMMON_BLOCKS = YES;
				GCC_OPTIMIZATION_LEVEL = 0;
				GCC_PREPROCESSOR_DEFINITIONS = (
					"DEBUG=1",
					"$(inherited)",
				);
				GCC_WARN_64_TO_32_BIT_CONVERSION = YES;
				GCC_WARN_ABOUT_RETURN_TYPE = YES_ERROR;
				GCC_WARN_UNDECLARED_SELECTOR = YES;
				GCC_WARN_UNINITIALIZED_AUTOS = YES_AGGRESSIVE;
				GCC_WARN_UNUSED_FUNCTION = YES;
				GCC_WARN_UNUSED_VARIABLE = YES;
				IPHONEOS_DEPLOYMENT_TARGET = 17.0;
				LOCALIZATION_PREFERS_STRING_CATALOGS = YES;
				MTL_ENABLE_DEBUG_INFO = INCLUDE_SOURCE;
				MTL_FAST_MATH = YES;
				ONLY_ACTIVE_ARCH = YES;
				SDKROOT = iphoneos;
				SWIFT_ACTIVE_COMPILATION_CONDITIONS = "DEBUG $(inherited)";
				SWIFT_OPTIMIZATION_LEVEL = "-Onone";
			};
			name = Debug;
		};
		8A9AC5582C08ADAF003C3511 /* Release */ = {
			isa = XCBuildConfiguration;
			buildSettings = {
				ALWAYS_SEARCH_USER_PATHS = NO;
				ASSETCATALOG_COMPILER_GENERATE_SWIFT_ASSET_SYMBOL_EXTENSIONS = YES;
				CLANG_ANALYZER_NONNULL = YES;
				CLANG_ANALYZER_NUMBER_OBJECT_CONVERSION = YES_AGGRESSIVE;
				CLANG_CXX_LANGUAGE_STANDARD = "gnu++20";
				CLANG_ENABLE_MODULES = YES;
				CLANG_ENABLE_OBJC_ARC = YES;
				CLANG_ENABLE_OBJC_WEAK = YES;
				CLANG_WARN_BLOCK_CAPTURE_AUTORELEASING = YES;
				CLANG_WARN_BOOL_CONVERSION = YES;
				CLANG_WARN_COMMA = YES;
				CLANG_WARN_CONSTANT_CONVERSION = YES;
				CLANG_WARN_DEPRECATED_OBJC_IMPLEMENTATIONS = YES;
				CLANG_WARN_DIRECT_OBJC_ISA_USAGE = YES_ERROR;
				CLANG_WARN_DOCUMENTATION_COMMENTS = YES;
				CLANG_WARN_EMPTY_BODY = YES;
				CLANG_WARN_ENUM_CONVERSION = YES;
				CLANG_WARN_INFINITE_RECURSION = YES;
				CLANG_WARN_INT_CONVERSION = YES;
				CLANG_WARN_NON_LITERAL_NULL_CONVERSION = YES;
				CLANG_WARN_OBJC_IMPLICIT_RETAIN_SELF = YES;
				CLANG_WARN_OBJC_LITERAL_CONVERSION = YES;
				CLANG_WARN_OBJC_ROOT_CLASS = YES_ERROR;
				CLANG_WARN_QUOTED_INCLUDE_IN_FRAMEWORK_HEADER = YES;
				CLANG_WARN_RANGE_LOOP_ANALYSIS = YES;
				CLANG_WARN_STRICT_PROTOTYPES = YES;
				CLANG_WARN_SUSPICIOUS_MOVE = YES;
				CLANG_WARN_UNGUARDED_AVAILABILITY = YES_AGGRESSIVE;
				CLANG_WARN_UNREACHABLE_CODE = YES;
				CLANG_WARN__DUPLICATE_METHOD_MATCH = YES;
				COPY_PHASE_STRIP = NO;
				DEBUG_INFORMATION_FORMAT = "dwarf-with-dsym";
				ENABLE_NS_ASSERTIONS = NO;
				ENABLE_STRICT_OBJC_MSGSEND = YES;
				ENABLE_USER_SCRIPT_SANDBOXING = YES;
				GCC_C_LANGUAGE_STANDARD = gnu17;
				GCC_NO_COMMON_BLOCKS = YES;
				GCC_WARN_64_TO_32_BIT_CONVERSION = YES;
				GCC_WARN_ABOUT_RETURN_TYPE = YES_ERROR;
				GCC_WARN_UNDECLARED_SELECTOR = YES;
				GCC_WARN_UNINITIALIZED_AUTOS = YES_AGGRESSIVE;
				GCC_WARN_UNUSED_FUNCTION = YES;
				GCC_WARN_UNUSED_VARIABLE = YES;
				IPHONEOS_DEPLOYMENT_TARGET = 17.0;
				LOCALIZATION_PREFERS_STRING_CATALOGS = YES;
				MTL_ENABLE_DEBUG_INFO = NO;
				MTL_FAST_MATH = YES;
				SDKROOT = iphoneos;
				SWIFT_COMPILATION_MODE = wholemodule;
				VALIDATE_PRODUCT = YES;
			};
			name = Release;
		};
		8A9AC55A2C08ADAF003C3511 /* Debug */ = {
			isa = XCBuildConfiguration;
			buildSettings = {
				ASSETCATALOG_COMPILER_APPICON_NAME = AppIcon;
				ASSETCATALOG_COMPILER_GLOBAL_ACCENT_COLOR_NAME = AccentColor;
				CODE_SIGN_STYLE = Automatic;
				CURRENT_PROJECT_VERSION = 1;
				DEVELOPMENT_ASSET_PATHS = "\"CoffeTime/Preview Content\"";
				ENABLE_PREVIEWS = YES;
				GENERATE_INFOPLIST_FILE = YES;
				INFOPLIST_KEY_NSFaceIDUsageDescription = "";
				INFOPLIST_KEY_NSPhotoLibraryAddUsageDescription = "We need your permission to save images";
				INFOPLIST_KEY_UIApplicationSceneManifest_Generation = YES;
				INFOPLIST_KEY_UIApplicationSupportsIndirectInputEvents = YES;
				INFOPLIST_KEY_UILaunchScreen_Generation = YES;
				INFOPLIST_KEY_UISupportedInterfaceOrientations_iPad = "UIInterfaceOrientationPortrait UIInterfaceOrientationPortraitUpsideDown UIInterfaceOrientationLandscapeLeft UIInterfaceOrientationLandscapeRight";
				INFOPLIST_KEY_UISupportedInterfaceOrientations_iPhone = "UIInterfaceOrientationPortrait UIInterfaceOrientationLandscapeLeft UIInterfaceOrientationLandscapeRight";
				LD_RUNPATH_SEARCH_PATHS = (
					"$(inherited)",
					"@executable_path/Frameworks",
				);
				MARKETING_VERSION = 1.0;
				PRODUCT_BUNDLE_IDENTIFIER = com.ua.CoffeTime;
				PRODUCT_NAME = "$(TARGET_NAME)";
				SWIFT_EMIT_LOC_STRINGS = YES;
				SWIFT_VERSION = 5.0;
				TARGETED_DEVICE_FAMILY = "1,2";
			};
			name = Debug;
		};
		8A9AC55B2C08ADAF003C3511 /* Release */ = {
			isa = XCBuildConfiguration;
			buildSettings = {
				ASSETCATALOG_COMPILER_APPICON_NAME = AppIcon;
				ASSETCATALOG_COMPILER_GLOBAL_ACCENT_COLOR_NAME = AccentColor;
				CODE_SIGN_STYLE = Automatic;
				CURRENT_PROJECT_VERSION = 1;
				DEVELOPMENT_ASSET_PATHS = "\"CoffeTime/Preview Content\"";
				ENABLE_PREVIEWS = YES;
				GENERATE_INFOPLIST_FILE = YES;
				INFOPLIST_KEY_NSFaceIDUsageDescription = "";
				INFOPLIST_KEY_NSPhotoLibraryAddUsageDescription = "We need your permission to save images";
				INFOPLIST_KEY_UIApplicationSceneManifest_Generation = YES;
				INFOPLIST_KEY_UIApplicationSupportsIndirectInputEvents = YES;
				INFOPLIST_KEY_UILaunchScreen_Generation = YES;
				INFOPLIST_KEY_UISupportedInterfaceOrientations_iPad = "UIInterfaceOrientationPortrait UIInterfaceOrientationPortraitUpsideDown UIInterfaceOrientationLandscapeLeft UIInterfaceOrientationLandscapeRight";
				INFOPLIST_KEY_UISupportedInterfaceOrientations_iPhone = "UIInterfaceOrientationPortrait UIInterfaceOrientationLandscapeLeft UIInterfaceOrientationLandscapeRight";
				LD_RUNPATH_SEARCH_PATHS = (
					"$(inherited)",
					"@executable_path/Frameworks",
				);
				MARKETING_VERSION = 1.0;
				PRODUCT_BUNDLE_IDENTIFIER = com.ua.CoffeTime;
				PRODUCT_NAME = "$(TARGET_NAME)";
				SWIFT_EMIT_LOC_STRINGS = YES;
				SWIFT_VERSION = 5.0;
				TARGETED_DEVICE_FAMILY = "1,2";
			};
			name = Release;
		};
/* End XCBuildConfiguration section */

/* Begin XCConfigurationList section */
		8A9AC5462C08ADAD003C3511 /* Build configuration list for PBXProject "CoffeTime" */ = {
			isa = XCConfigurationList;
			buildConfigurations = (
				8A9AC5572C08ADAF003C3511 /* Debug */,
				8A9AC5582C08ADAF003C3511 /* Release */,
			);
			defaultConfigurationIsVisible = 0;
			defaultConfigurationName = Release;
		};
		8A9AC5592C08ADAF003C3511 /* Build configuration list for PBXNativeTarget "CoffeTime" */ = {
			isa = XCConfigurationList;
			buildConfigurations = (
				8A9AC55A2C08ADAF003C3511 /* Debug */,
				8A9AC55B2C08ADAF003C3511 /* Release */,
			);
			defaultConfigurationIsVisible = 0;
			defaultConfigurationName = Release;
		};
/* End XCConfigurationList section */
	};
	rootObject = 8A9AC5432C08ADAD003C3511 /* Project object */;
}
